{
  "version": 1,
  "dependencies": {
    "net10.0": {
      "Aspire.Azure.Data.Tables": {
        "type": "Direct",
        "requested": "[13.1.1, )",
        "resolved": "13.1.1",
        "contentHash": "zM8daOM0QeDFX5CbKXGKZYJ7PT9YdcXZ3ez9OGs5x5kXFJPes1f1YXKfzalPfm546rQcJj9e4BbSzGqKRsvj4w==",
        "dependencies": {
          "AspNetCore.HealthChecks.Azure.Data.Tables": "9.0.0",
          "Azure.Core": "1.50.0",
          "Azure.Data.Tables": "12.11.0",
          "Azure.Identity": "1.17.1",
          "Microsoft.Extensions.Azure": "1.13.0",
          "OpenTelemetry.Extensions.Hosting": "1.14.0"
        }
      },
      "Aspire.Azure.Storage.Blobs": {
        "type": "Direct",
        "requested": "[13.1.1, )",
        "resolved": "13.1.1",
        "contentHash": "HAvOpxvbyqs1bTzx+jGJO/xO7qqy1hxHamqmkfEjHx00jUNFHfj6XyX3loSLcpEVBWoiXg8Nzqvelod6GN6Z2Q==",
        "dependencies": {
          "AspNetCore.HealthChecks.Azure.Storage.Blobs": "9.0.0",
          "Azure.Core": "1.50.0",
          "Azure.Identity": "1.17.1",
          "Azure.Storage.Blobs": "12.26.0",
          "Microsoft.Extensions.Azure": "1.13.0",
          "OpenTelemetry.Extensions.Hosting": "1.14.0",
          "System.IO.Hashing": "9.0.10"
        }
      },
      "Aspire.Microsoft.Azure.Cosmos": {
        "type": "Direct",
        "requested": "[13.1.1, )",
        "resolved": "13.1.1",
        "contentHash": "kw+XCp9TfjWnfLxf9faSI9Yj+osOPBhuHy43/w8arfayWrqlIrkqEIUI+5pC517DcC00NfcdZyJmYNVCel18sQ==",
        "dependencies": {
          "Azure.Core": "1.50.0",
          "Azure.Identity": "1.17.1",
          "Microsoft.Azure.Cosmos": "3.54.0",
          "Newtonsoft.Json": "13.0.4",
          "OpenTelemetry.Extensions.Hosting": "1.14.0"
        }
      },
      "Aspire.Npgsql": {
        "type": "Direct",
        "requested": "[13.1.1, )",
        "resolved": "13.1.1",
        "contentHash": "Axx1fkLKaeLr0kSwcIAF3VtMFu2I44FMpCCBPL64u5CYs1tnnmSbMng4xLKUmCx8BdXiCX4G6JQ4BUx+zkAkLw==",
        "dependencies": {
          "AspNetCore.HealthChecks.NpgSql": "9.0.0",
          "Npgsql.DependencyInjection": "10.0.0",
          "Npgsql.OpenTelemetry": "10.0.0",
          "OpenTelemetry.Extensions.Hosting": "1.14.0"
        }
      },
      "AWSSDK.S3": {
        "type": "Direct",
        "requested": "[4.0.19.1, )",
        "resolved": "4.0.19.1",
        "contentHash": "DCTFohRB53/g2kaz7cUX3ZTyFTbRErj5JvT4HrquKTvXvUpY/vUyUMGEVWoC0UXmxalYaPAR8tO7WgEJRJjM9w==",
        "dependencies": {
          "AWSSDK.Core": "[4.0.3.19, 5.0.0)"
        }
      },
      "ErikLieben.FA.ES.Azure.Functions.Worker.Extensions": {
        "type": "Direct",
        "requested": "[2.0.0-preview.6, )",
        "resolved": "2.0.0-preview.6",
        "contentHash": "OYwSD6/FkyDnDThydELpOoH+x+M9FmEuta9RwyN2XP7zqU0ZdYGlHweilFI4+QjeDvHJtwMXtIUR8jKYDcr7ew==",
        "dependencies": {
          "Azure.Identity": "1.17.1",
          "ErikLieben.FA.ES": "2.0.0-preview.6",
          "Microsoft.Azure.Functions.Extensions": "1.1.0",
          "Microsoft.Azure.Functions.Worker": "2.0.0",
          "Microsoft.Azure.Functions.Worker.Core": "2.2.0",
          "Microsoft.Azure.Functions.Worker.Extensions.Abstractions": "1.3.0",
          "Microsoft.Bcl.AsyncInterfaces": "10.0.0",
          "Microsoft.Extensions.Azure": "1.13.1",
          "Newtonsoft.Json": "13.0.4"
        }
      },
      "Microsoft.AspNetCore.OpenApi": {
        "type": "Direct",
        "requested": "[10.0.3, )",
        "resolved": "10.0.3",
        "contentHash": "SAvSrKDgnY5GDjDAngOXxPhUvEKlTU/0zIq8zidqHvh/xnZBPs0Vc4LqwyvnmnafNnyUaivtRABz4K4wodXfSg==",
        "dependencies": {
          "Microsoft.OpenApi": "2.0.0"
        }
      },
      "Scalar.AspNetCore": {
        "type": "Direct",
        "requested": "[2.12.41, )",
        "resolved": "2.12.41",
        "contentHash": "uO90maY4ayqLHq+LFPKgRxPBlI8GPYOLLv5VkPvenG75p7pQ8lUb3jpQWxe02GeKgivyxlxJ1tNsIlCpHg1S6w=="
      },
      "AspNetCore.HealthChecks.Azure.Data.Tables": {
        "type": "Transitive",
        "resolved": "9.0.0",
        "contentHash": "WXDZvJ6C6Y1TQ9zPw9ehWwthIsfJwUQiHJ8ZssfyjXvywnA3gGXoLKwicpx5wDPcyePXKJomiyDek5u8bXQWAQ==",
        "dependencies": {
          "Azure.Data.Tables": "12.8.2"
        }
      },
      "AspNetCore.HealthChecks.Azure.Storage.Blobs": {
        "type": "Transitive",
        "resolved": "9.0.0",
        "contentHash": "fORaHfhyerL+7Tu4lTyj5CBHEMPYdH0LS1bm9N2Wd/K4mgd/zzg+iXLFBYTNTbF+hLYpVNZyO2Tx/wU0/s4KqQ==",
        "dependencies": {
          "Azure.Storage.Blobs": "12.19.1"
        }
      },
      "AspNetCore.HealthChecks.NpgSql": {
        "type": "Transitive",
        "resolved": "9.0.0",
        "contentHash": "npc58/AD5zuVxERdhCl2Kb7WnL37mwX42SJcXIwvmEig0/dugOLg3SIwtfvvh3TnvTwR/sk5LYNkkPaBdks61A==",
        "dependencies": {
          "Npgsql": "8.0.3"
        }
      },
      "AWSSDK.Core": {
        "type": "Transitive",
        "resolved": "4.0.3.19",
        "contentHash": "8zIzN59+J6arYSyFuhnSxPepr8ff4p6li+MxKUUnqCgwZqQ+icEGJK/23c1USIEALqZZ5gdiITuH2sOZWQom+Q=="
      },
      "AWSSDK.Extensions.NETCore.Setup": {
        "type": "Transitive",
        "resolved": "4.0.3.26",
        "contentHash": "AkS58bk3ksCUreIrOWdP+eSKnSNtZnZ9Ahx2PX7xxkYTTk9yuYfRaIeZz31bQoaeRZzobrojKqCQVZ3NiiYnkw==",
        "dependencies": {
          "AWSSDK.Core": "4.0.3.19"
        }
      },
      "Azure.Core": {
        "type": "Transitive",
        "resolved": "1.53.0",
        "contentHash": "x9c/toFMOtRrlTdFuE7rlGCVAduQzWVfKmLz5juj41zJAXEhYD5hluiUyyAEzJ6OxpBnKtiaBztzwpZITAVjtg==",
        "dependencies": {
          "Microsoft.Bcl.AsyncInterfaces": "10.0.3",
          "Microsoft.Identity.Client": "4.83.1",
          "Microsoft.Identity.Client.Extensions.Msal": "4.83.1",
          "System.ClientModel": "1.10.0",
          "System.Memory.Data": "10.0.3"
        }
      },
      "Azure.Data.Tables": {
        "type": "Transitive",
        "resolved": "12.11.0",
        "contentHash": "MabH2HegMvZA1ocaMhEfW/idyTa3CoH64s43/V9/KFRGdVqEj0EETvd3ItDe6Bbs2teiR40KE9Kz9NLDc5DJJw==",
        "dependencies": {
          "Azure.Core": "1.44.1"
        }
      },
      "Azure.Identity": {
        "type": "Transitive",
        "resolved": "1.21.0",
        "contentHash": "GeFv8sGwRKvDKwI2WFy8r0mhmlxEVZg24Sit2NogTjiSO8RVjllWM65OT6e1sKjOvG8V74y7hAbaELUUPjZQSw==",
        "dependencies": {
          "Azure.Core": "1.53.0"
        }
      },
      "Azure.Storage.Blobs": {
        "type": "Transitive",
        "resolved": "12.27.0",
        "contentHash": "zI5rg1tTtnA8T2g2/21l+1iIUdDjpEQQ0FI1BabJVEQJ1JUyTQKrc41eNabAHs0SBHprl6pu/6OqIMK9Ve+4tQ==",
        "dependencies": {
          "Azure.Core": "1.50.0",
          "Azure.Storage.Common": "12.26.0"
        }
      },
      "Azure.Storage.Common": {
        "type": "Transitive",
        "resolved": "12.26.0",
        "contentHash": "XaT6CDcSshZb7KaCTwc6m4EouZbLBg7ciOEpsJSdJCvkNsZJQCvPKw7V5TtXno19AA1NpwtsZriYque8mzbQVg==",
        "dependencies": {
          "Azure.Core": "1.50.0",
          "System.IO.Hashing": "10.0.1"
        }
      },
      "ErikLieben.FA.Results": {
        "type": "Transitive",
        "resolved": "1.1.2",
        "contentHash": "XISa3V7vRioliDSJD/vOlWtY/62rV82bhcVn+ZrZZy/uHqW8Wz0bZsmJt9XtQ3O/whPNo4Da5cZmTsHU8C7uAg=="
      },
      "ErikLieben.FA.Results.Validations": {
        "type": "Transitive",
        "resolved": "1.1.2",
        "contentHash": "uiusZ9835Z1S/+vCM+S+wP0kA1RfZ91IfApFAs8Vx2juWGhMPVP9Uskd+mkWB6kqcHu+ZR9cYFlGWEP5StsAEg==",
        "dependencies": {
          "ErikLieben.FA.Results": "1.1.2",
          "ErikLieben.FA.Specifications": "1.0.8"
        }
      },
      "ErikLieben.FA.Specifications": {
        "type": "Transitive",
        "resolved": "1.0.8",
        "contentHash": "FOO63Ic6OlZn+3JgOvkgjeWNEG3NXe8V+N0u41kuS0sx+eV6jO3ofKtr8E9rW0Pc9W1kx+x4UQTZPib4LFb52A=="
      },
      "ErikLieben.FA.StronglyTypedIds": {
        "type": "Transitive",
        "resolved": "2.1.2",
        "contentHash": "RNEKT2qV7bizl/ENDjv1ln/NJpnyCaJwhUapjU3CFQF444wjKDoejoz9orj9mMdhAyAfn9y9Z8TqRCSqjr0PVw=="
      },
      "Google.Protobuf": {
        "type": "Transitive",
        "resolved": "3.28.0",
        "contentHash": "lVsLcLIHpkOABswgydr0sjkIhSN5XE9C6AgLXxvMsa6pSSJIpmAIPvK/NZpuF+HTB6xp1R8T5nhLausWVOrU/w=="
      },
      "Grpc.Core.Api": {
        "type": "Transitive",
        "resolved": "2.65.0",
        "contentHash": "VHElVX8XpJoaoddHkxhSHrXqn+7k3cZRmAxvZFh0NElkZK5oAT0/QOPM2FJtt5/xIxjQPumz3TOkzrUT6b8V6g=="
      },
      "Grpc.Net.Client": {
        "type": "Transitive",
        "resolved": "2.65.0",
        "contentHash": "ys1Rz7pxV0XR2pm4BVMkm/PrJ2BQu8OXFTvnXzzelTvQ+19OiHbUSb1kSZ2X4V7FziaxrtWY52ssXK3MFjQxbg==",
        "dependencies": {
          "Grpc.Net.Common": "2.65.0"
        }
      },
      "Grpc.Net.ClientFactory": {
        "type": "Transitive",
        "resolved": "2.65.0",
        "contentHash": "iVJ8/uoaPccipMeyD0uwpbX6lRhFEo4aLJmGhLsdigQWi1tDdf/PHfRNZudX3lqZGuqyxl+wC2CfuApIIKPMhg==",
        "dependencies": {
          "Grpc.Net.Client": "2.65.0"
        }
      },
      "Grpc.Net.Common": {
        "type": "Transitive",
        "resolved": "2.65.0",
        "contentHash": "XbRegnfDrWoXZJ4GGdJat+KXnmCCkR6XQmWnIZxxIjphyZkWZgI0FN1PtGXU4RZ5a5C85qg1cscz1ju2biVXGg==",
        "dependencies": {
          "Grpc.Core.Api": "2.65.0"
        }
      },
      "Microsoft.Azure.Cosmos": {
        "type": "Transitive",
        "resolved": "3.58.0",
        "contentHash": "YuqS7w7URMizfavitu2wBz51n5JhlBZlFEUD01JMqYf9JWpKA2DS/JuJYdmM+/Hov3fmpxeP41ONi8IY1J22Ew==",
        "dependencies": {
          "Azure.Core": "1.44.1",
          "Microsoft.Bcl.AsyncInterfaces": "6.0.0",
          "Microsoft.Bcl.HashCode": "1.1.0",
          "System.Configuration.ConfigurationManager": "6.0.0"
        }
      },
      "Microsoft.Azure.Functions.Extensions": {
        "type": "Transitive",
        "resolved": "1.1.0",
        "contentHash": "zYKtQQoS1fdzufxFApuMFiFtoi9QAGH6McXxntpylwLKgKjmCMWdgUd1dcekzTKNR9DPSDPRLiulvukqXnpWrQ==",
        "dependencies": {
          "Microsoft.Azure.WebJobs": "3.0.18"
        }
      },
      "Microsoft.Azure.Functions.Worker": {
        "type": "Transitive",
        "resolved": "2.0.0",
        "contentHash": "vK0+XApQq2vDSbJxqrflliGLVILRl66gMfZrlv8yemGKdoh2KI7l4zQPW8ibCThznC2PEMp60+a1D3wp09ZXEg==",
        "dependencies": {
          "Microsoft.Azure.Functions.Worker.Core": "2.0.0",
          "Microsoft.Azure.Functions.Worker.Grpc": "2.0.0"
        }
      },
      "Microsoft.Azure.Functions.Worker.Core": {
        "type": "Transitive",
        "resolved": "2.2.0",
        "contentHash": "FRzalHQXIMKVcInSQN1v/LNNV0FiAgbkUoNr9VGhpw+wgMNP2Lj5//1Z1+f2xawS2xWmiQUeBkOorc6ZGPFshw==",
        "dependencies": {
          "Azure.Core": "1.44.1"
        }
      },
      "Microsoft.Azure.Functions.Worker.Extensions.Abstractions": {
        "type": "Transitive",
        "resolved": "1.3.0",
        "contentHash": "+6+/Yb/ouWUweaSQhesbbiIVSmwYEzkSfjIHrBnNqIiCYnx2iLeoYyWjN/wHP3Fnn5COtyDXRDwHKr5A/tCL9Q=="
      },
      "Microsoft.Azure.Functions.Worker.Grpc": {
        "type": "Transitive",
        "resolved": "2.0.0",
        "contentHash": "NiOm+1EWQy7fz1kl08hCmIym2L36jREXXvQPao75zh7Tx7UCpV2IoH/BxmssWaGJPpup9cyKg3NsXEVFhc7qkQ==",
        "dependencies": {
          "Google.Protobuf": "3.28.0",
          "Grpc.Net.ClientFactory": "2.65.0",
          "Microsoft.Azure.Functions.Worker.Core": "2.0.0",
          "Microsoft.Azure.Functions.Worker.Extensions.Abstractions": "1.3.0"
        }
      },
      "Microsoft.Azure.WebJobs": {
        "type": "Transitive",
        "resolved": "3.0.18",
        "contentHash": "aYJ76yjPkIpsafqFp1Xz1sA06RvhUwqJnk4AqX4I0teuRjPyig9Sv7LTzxUMAppKXc4JyR/Asos2At/LMiblqg==",
        "dependencies": {
          "Microsoft.Azure.WebJobs.Core": "3.0.18",
          "Newtonsoft.Json": "11.0.2"
        }
      },
      "Microsoft.Azure.WebJobs.Core": {
        "type": "Transitive",
        "resolved": "3.0.18",
        "contentHash": "ajYI8pPzPn4qq7FL8C2tz9WmFEG5PorUlkw8W9CF5M+5egnFJaF7yH48WYC+zBoQIzv2vHmFq0zhQpnv+O8v5Q==",
        "dependencies": {
          "System.ComponentModel.Annotations": "4.4.0"
        }
      },
      "Microsoft.Bcl.AsyncInterfaces": {
        "type": "Transitive",
        "resolved": "10.0.3",
        "contentHash": "TV62UsrJZPX6gbt3c4WrtXh7bmaDIcMqf9uft1cc4L6gJXOU07hDGEh+bFQh/L2Az0R1WVOkiT66lFqS6G2NmA=="
      },
      "Microsoft.Bcl.HashCode": {
        "type": "Transitive",
        "resolved": "1.1.0",
        "contentHash": "J2G1k+u5unBV+aYcwxo94ip16Rkp65pgWFb0R6zwJipzWNMgvqlWeuI7/+R+e8bob66LnSG+llLJ+z8wI94cHg=="
      },
      "Microsoft.Extensions.AmbientMetadata.Application": {
        "type": "Transitive",
        "resolved": "10.3.0",
        "contentHash": "Oh/FQJrTZqiqZuFktqDCwLFgxIUnNATZx46AwUTf5A/+FmK/TzPf/iwSqMK85QlioLD9ehOxWe0NBfsCSkp5pw=="
      },
      "Microsoft.Extensions.Azure": {
        "type": "Transitive",
        "resolved": "1.13.1",
        "contentHash": "AIP7ud1rcQTRfzgne5Jw0P+zjx8ojGawwRuBVrYWgA/a+TKW3CaoQK/sYUcrbxYSVv6FT8rSwTlMecC0MwEbOQ==",
        "dependencies": {
          "Azure.Core": "1.50.0",
          "Azure.Identity": "1.17.1"
        }
      },
      "Microsoft.Extensions.Compliance.Abstractions": {
        "type": "Transitive",
        "resolved": "10.4.0",
        "contentHash": "4WkknDbVrHNf+S6fwSt1OAXlGJ/G/QrtJlqx4aNzOLmeT3GRyxpGLZn+Q3UV+RMRAF6FfsijEZBg2ZAW8bTAkg=="
      },
      "Microsoft.Extensions.DependencyInjection.AutoActivation": {
        "type": "Transitive",
        "resolved": "10.3.0",
        "contentHash": "g6/S5rhP1XNBqeDa9zKXri/uDKe6gjzSqGsocuySb1OdVm8fz/M9YcWTJsCw5RHF8xIb/B3NgsfBPQF9Emjk3Q=="
      },
      "Microsoft.Extensions.Diagnostics.ExceptionSummarization": {
        "type": "Transitive",
        "resolved": "10.4.0",
        "contentHash": "1/hQmONMWxRTKXuN0pQShQN9QsqIRTS1G4fdmKW0O9phuVZjyzIROQD9Fbfwyn2t+yvP8SzjatGAPX4jDRfgHg=="
      },
      "Microsoft.Extensions.Http.Diagnostics": {
        "type": "Transitive",
        "resolved": "10.3.0",
        "contentHash": "/xuNWNxI4WLVatiTvaqfLd5ijFhQ/qvE14bOyWxeEWmXJkjh/g2G/5TdzMfoe0afq16OdWLGbrD9gWHo178hbg==",
        "dependencies": {
          "Microsoft.Extensions.Telemetry": "10.3.0"
        }
      },
      "Microsoft.Extensions.Http.Resilience": {
        "type": "Transitive",
        "resolved": "10.3.0",
        "contentHash": "P4+s/eUH3dZdn1HnivSL2dh6/Jb0ndLt2l88oQPZ9BYdyb4tSRAsnz4QkJHGfPA9lS/XblI5QYsxEdfkurPvIg==",
        "dependencies": {
          "Microsoft.Extensions.Http.Diagnostics": "10.3.0",
          "Microsoft.Extensions.Resilience": "10.3.0"
        }
      },
      "Microsoft.Extensions.Resilience": {
        "type": "Transitive",
        "resolved": "10.4.0",
        "contentHash": "41CCbJJPsDWU6NsmKfANHkfT/+KCBlZZqQ1eBoQhhW0xqGCiWmUlMdi2BoaM/GcwKHX5WiQL/IESROmgk0Owfw==",
        "dependencies": {
          "Microsoft.Extensions.Diagnostics.ExceptionSummarization": "10.4.0",
          "Microsoft.Extensions.Telemetry.Abstractions": "10.4.0",
          "Polly.Extensions": "8.4.2",
          "Polly.RateLimiting": "8.4.2"
        }
      },
      "Microsoft.Extensions.ServiceDiscovery": {
        "type": "Transitive",
        "resolved": "10.3.0",
        "contentHash": "C7onh6YDQKbZjKmAWEef1RDosjxPxA3PZdLob5lhS1AQuKgw0vTHnCKUA1KAhNlzhyfOPVP6tc0cLIPCDoBvoA==",
        "dependencies": {
          "Microsoft.Extensions.ServiceDiscovery.Abstractions": "10.3.0"
        }
      },
      "Microsoft.Extensions.ServiceDiscovery.Abstractions": {
        "type": "Transitive",
        "resolved": "10.3.0",
        "contentHash": "2j3SdFGgqFQFP6xQpkbqxt9SdzsT4/FK47RQ7MoCAZnKZiZEDuLDq9PfKLqON8HbGc09jHZ02x0tHIjleVab2A=="
      },
      "Microsoft.Extensions.Telemetry": {
        "type": "Transitive",
        "resolved": "10.3.0",
        "contentHash": "M1esrIGmwU2JBY0JpwdlUTXTNBXSBFEs+41bYBd59+9/vCaXw+vGhtYcCL+JXeGmxTLUHmuXcKbX/uVCSFcuzA==",
        "dependencies": {
          "Microsoft.Extensions.AmbientMetadata.Application": "10.3.0",
          "Microsoft.Extensions.DependencyInjection.AutoActivation": "10.3.0",
          "Microsoft.Extensions.Telemetry.Abstractions": "10.3.0"
        }
      },
      "Microsoft.Extensions.Telemetry.Abstractions": {
        "type": "Transitive",
        "resolved": "10.4.0",
        "contentHash": "3b2uVa4voJfLLg39BPCKQS0ZgnpEZFkKf7YmnMVlM5FQJYBPOuePIQdnEK1/Oxd+w3GscxGYuE7IMOXDwixZtQ==",
        "dependencies": {
          "Microsoft.Extensions.Compliance.Abstractions": "10.4.0"
        }
      },
      "Microsoft.Identity.Client": {
        "type": "Transitive",
        "resolved": "4.83.1",
        "contentHash": "jOLIrZ3cynoqHLLO1cXplFFabrhrMEYs/EuKHvmCyrOm1axqiVFT6nCSnHxk7w5+d2BeQfCdM12Yf/0X7OeS1g==",
        "dependencies": {
          "Microsoft.IdentityModel.Abstractions": "8.14.0"
        }
      },
      "Microsoft.Identity.Client.Extensions.Msal": {
        "type": "Transitive",
        "resolved": "4.83.1",
        "contentHash": "I3k4J4Hj4KbLEFanjeUzzDOVecukETaTgEkJ7h2pP/Yazs6SLp6TVUTo/Eo+ptPXMwvc+iX7rBFtMSUrA7R+Mg==",
        "dependencies": {
          "Microsoft.Identity.Client": "4.83.1",
          "System.Security.Cryptography.ProtectedData": "4.5.0"
        }
      },
      "Microsoft.IdentityModel.Abstractions": {
        "type": "Transitive",
        "resolved": "8.14.0",
        "contentHash": "iwbCpSjD3ehfTwBhtSNEtKPK0ICun6ov7Ibx6ISNA9bfwIyzI2Siwyi9eJFCJBwxowK9xcA1mj+jBWiigeqgcQ=="
      },
      "Microsoft.OpenApi": {
        "type": "Transitive",
        "resolved": "2.0.0",
        "contentHash": "GGYLfzV/G/ct80OZ45JxnWP7NvMX1BCugn/lX7TH5o0lcVaviavsLMTxmFV2AybXWjbi3h6FF1vgZiTK6PXndw=="
      },
      "Microsoft.Win32.SystemEvents": {
        "type": "Transitive",
        "resolved": "6.0.0",
        "contentHash": "hqTM5628jSsQiv+HGpiq3WKBl2c8v1KZfby2J6Pr7pEPlK9waPdgEO6b8A/+/xn/yZ9ulv8HuqK71ONy2tg67A=="
      },
      "Newtonsoft.Json": {
        "type": "Transitive",
        "resolved": "13.0.4",
        "contentHash": "pdgNNMai3zv51W5aq268sujXUyx7SNdE2bj1wZcWjAQrKMFZV260lbqYop1d2GM67JI1huLRwxo9ZqnfF/lC6A=="
      },
      "Npgsql": {
        "type": "Transitive",
        "resolved": "10.0.0",
        "contentHash": "xZAYhPOU2rUIFpV48xsqhCx9vXs6Y+0jX2LCoSEfDFYMw9jtAOUk3iQsCnDLrFIv9NT3JGMihn7nnuZsPKqJmA=="
      },
      "Npgsql.DependencyInjection": {
        "type": "Transitive",
        "resolved": "10.0.0",
        "contentHash": "htuxMDQ7nHgadPxoO6XXVvSgYcVierLrhzOoamyUchvC4oHnYdD05zZ0dYsq80DN0vco9t/Vp+ZxYvnfJxbhIg==",
        "dependencies": {
          "Npgsql": "10.0.0"
        }
      },
      "Npgsql.OpenTelemetry": {
        "type": "Transitive",
        "resolved": "10.0.0",
        "contentHash": "eftmCZWng874x4iSfQyfF+PpnfA6hloHGQ3EzELVhRyPOEHcMygxSXhx4KI8HKu/Qg8uK1MF5tcwOVhwL7duJw==",
        "dependencies": {
          "Npgsql": "10.0.0",
          "OpenTelemetry.API": "1.14.0"
        }
      },
      "OpenTelemetry": {
        "type": "Transitive",
        "resolved": "1.15.0",
        "contentHash": "7mS/oZFF8S6xyqGQfMU1btp0nXJQUPWV535Vp/XMLYwRAUv36xQN+U4vufWBF1+z4HnRTOwuFHtUSGnHbyN6FQ==",
        "dependencies": {
          "OpenTelemetry.Api.ProviderBuilderExtensions": "1.15.0"
        }
      },
      "OpenTelemetry.Api": {
        "type": "Transitive",
        "resolved": "1.15.0",
        "contentHash": "vk5OGdf6K9kQScCWo3bRjhDWCv6Pqw92IpX4dlARZ8B1WL7/2NGTDtCkkw42eQf7UdwyoHKzVvMH/PtL8d6z7w=="
      },
      "OpenTelemetry.Api.ProviderBuilderExtensions": {
        "type": "Transitive",
        "resolved": "1.15.0",
        "contentHash": "OnuSUlRpGvowkOzGFQfy+KZFu0cITfKfh2IYJJiZskxVJiOuexwOOuvfDAgpJdmTzVWAHjYdz2shcHZaJ06UjQ==",
        "dependencies": {
          "OpenTelemetry.Api": "1.15.0"
        }
      },
      "OpenTelemetry.Exporter.OpenTelemetryProtocol": {
        "type": "Transitive",
        "resolved": "1.15.0",
        "contentHash": "VH8ANc/js9IRvfYt0Q2UaAxNCOWm+IU+vWrtoH7pfx4oWPVdISUt+9uWfBCFMWZg5WzQip5dhslyDjeyZXXfSQ==",
        "dependencies": {
          "OpenTelemetry": "1.15.0"
        }
      },
      "OpenTelemetry.Extensions.Hosting": {
        "type": "Transitive",
        "resolved": "1.15.0",
        "contentHash": "RixjKyB1pbYGhWdvPto4KJs+exdQknJsnjUO9WszdLles5Vcd0EYzxPNJdwmLjYfP+Jfbr4B5nktM4ZgeHSWtg==",
        "dependencies": {
          "OpenTelemetry": "1.15.0"
        }
      },
      "OpenTelemetry.Instrumentation.AspNetCore": {
        "type": "Transitive",
        "resolved": "1.15.0",
        "contentHash": "mte1nRYefxjed2syXgVWq3UCfMKO7MkebvTZmf0O1aLgVgCktLsVjQ6mftyjIbWGBBCHN0wg+Glxj8BSFS70pQ==",
        "dependencies": {
          "OpenTelemetry.Api.ProviderBuilderExtensions": "[1.15.0, 2.0.0)"
        }
      },
      "OpenTelemetry.Instrumentation.Http": {
        "type": "Transitive",
        "resolved": "1.15.0",
        "contentHash": "uToc7bUp8IEdb0ny9mKsL6FrrYelINPzxxiSShJgOf4XmQc4Azww6S5RjRj24YhsOn2a1MABOrxfVTZXtDk4Eg==",
        "dependencies": {
          "OpenTelemetry.Api.ProviderBuilderExtensions": "[1.15.0, 2.0.0)"
        }
      },
      "OpenTelemetry.Instrumentation.Runtime": {
        "type": "Transitive",
        "resolved": "1.15.0",
        "contentHash": "OOvpqR/j2Pb6+tWhHNODIbSJ53Or/MDtTiXEyrsWI02K2lLAgvBFcxUOrHggS/8015cYR3AdSaXv6NZrkz5yQA==",
        "dependencies": {
          "OpenTelemetry.Api": "[1.15.0, 2.0.0)"
        }
      },
      "Polly.Core": {
        "type": "Transitive",
        "resolved": "8.4.2",
        "contentHash": "BpE2I6HBYYA5tF0Vn4eoQOGYTYIK1BlF5EXVgkWGn3mqUUjbXAr13J6fZVbp7Q3epRR8yshacBMlsHMhpOiV3g=="
      },
      "Polly.Extensions": {
        "type": "Transitive",
        "resolved": "8.4.2",
        "contentHash": "GZ9vRVmR0jV2JtZavt+pGUsQ1O1cuRKG7R7VOZI6ZDy9y6RNPvRvXK1tuS4ffUrv8L0FTea59oEuQzgS0R7zSA==",
        "dependencies": {
          "Polly.Core": "8.4.2"
        }
      },
      "Polly.RateLimiting": {
        "type": "Transitive",
        "resolved": "8.4.2",
        "contentHash": "ehTImQ/eUyO07VYW2WvwSmU9rRH200SKJ/3jku9rOkyWE0A2JxNFmAVms8dSn49QLSjmjFRRSgfNyOgr/2PSmA==",
        "dependencies": {
          "Polly.Core": "8.4.2"
        }
      },
      "System.ClientModel": {
        "type": "Transitive",
        "resolved": "1.10.0",
        "contentHash": "lBEWs54F5Y5pZ9hC+8z4S/X76957ex+DPk7WecRHlbIHtrPfbRMMlOgI3iDn4Jpb3bSxvBnKaaHoD59auFjlBA==",
        "dependencies": {
          "System.Memory.Data": "10.0.3"
        }
      },
      "System.ComponentModel.Annotations": {
        "type": "Transitive",
        "resolved": "4.4.0",
        "contentHash": "29K3DQ+IGU7LBaMjTo7SI7T7X/tsMtLvz1p56LJ556Iu0Dw3pKZw5g8yCYCWMRxrOF0Hr0FU0FwW0o42y2sb3A=="
      },
      "System.Configuration.ConfigurationManager": {
        "type": "Transitive",
        "resolved": "6.0.0",
        "contentHash": "7T+m0kDSlIPTHIkPMIu6m6tV6qsMqJpvQWW2jIc2qi7sn40qxFo0q+7mEQAhMPXZHMKnWrnv47ntGlM/ejvw3g==",
        "dependencies": {
          "System.Security.Cryptography.ProtectedData": "6.0.0",
          "System.Security.Permissions": "6.0.0"
        }
      },
      "System.Drawing.Common": {
        "type": "Transitive",
        "resolved": "6.0.0",
        "contentHash": "NfuoKUiP2nUWwKZN6twGqXioIe1zVD0RIj2t976A+czLHr2nY454RwwXs6JU9Htc6mwqL6Dn/nEL3dpVf2jOhg==",
        "dependencies": {
          "Microsoft.Win32.SystemEvents": "6.0.0"
        }
      },
      "System.IO.Hashing": {
        "type": "Transitive",
        "resolved": "10.0.1",
        "contentHash": "Dy6ULPb2S0GmNndjKrEIpfibNsc8+FTOoZnqygtFDuyun8vWboQbfMpQtKUXpgTxokR5E4zFHETpNnGfeWY6NA=="
      },
      "System.Memory.Data": {
        "type": "Transitive",
        "resolved": "10.0.3",
        "contentHash": "MaGhRfGunmrj/nHjtsi9XkhlYJ/ERGWrbA+BiSKNtGnAjc9XlG5EhAvak6VRcX5LYzPF6pBO8nJ613dTgzabig=="
      },
      "System.Security.Cryptography.ProtectedData": {
        "type": "Transitive",
        "resolved": "6.0.0",
        "contentHash": "rp1gMNEZpvx9vP0JW0oHLxlf8oSiQgtno77Y4PLUBjSiDYoD77Y8uXHr1Ea5XG4/pIKhqAdxZ8v8OTUtqo9PeQ=="
      },
      "System.Security.Permissions": {
        "type": "Transitive",
        "resolved": "6.0.0",
        "contentHash": "T/uuc7AklkDoxmcJ7LGkyX1CcSviZuLCa4jg3PekfJ7SU0niF0IVTXwUiNVP9DSpzou2PpxJ+eNY2IfDM90ZCg==",
        "dependencies": {
          "System.Windows.Extensions": "6.0.0"
        }
      },
      "System.Windows.Extensions": {
        "type": "Transitive",
        "resolved": "6.0.0",
        "contentHash": "IXoJOXIqc39AIe+CIR7koBtRGMiCt/LPM3lI+PELtDIy9XdyeSrwXFdWV9dzJ2Awl0paLWUaknLxFQ5HpHZUog==",
        "dependencies": {
          "System.Drawing.Common": "6.0.0"
        }
      },
      "eriklieben.fa.es": {
        "type": "Project",
        "dependencies": {
          "Microsoft.Extensions.Resilience": "[10.4.0, )"
        }
      },
      "eriklieben.fa.es.azurestorage": {
        "type": "Project",
        "dependencies": {
          "Azure.Data.Tables": "[12.11.0, )",
          "Azure.Identity": "[1.21.0, )",
          "Azure.Storage.Blobs": "[12.27.0, )",
          "ErikLieben.FA.ES": "[1.0.0, )",
          "ErikLieben.FA.ES.EventStreamManagement": "[1.0.0, )",
          "Microsoft.Extensions.Azure": "[1.13.1, )"
        }
      },
      "eriklieben.fa.es.cosmosdb": {
        "type": "Project",
        "dependencies": {
          "ErikLieben.FA.ES": "[1.0.0, )",
          "Microsoft.Azure.Cosmos": "[3.58.0, )"
        }
      },
      "eriklieben.fa.es.eventstreammanagement": {
        "type": "Project",
        "dependencies": {
          "ErikLieben.FA.ES": "[1.0.0, )"
        }
      },
      "eriklieben.fa.es.postgres": {
        "type": "Project",
        "dependencies": {
          "ErikLieben.FA.ES": "[1.0.0, )",
          "Npgsql": "[9.0.4, )"
        }
      },
      "eriklieben.fa.es.s3": {
        "type": "Project",
        "dependencies": {
          "AWSSDK.Extensions.NETCore.Setup": "[4.0.3.26, )",
          "AWSSDK.S3": "[4.0.19.1, )",
          "ErikLieben.FA.ES": "[1.0.0, )",
          "ErikLieben.FA.ES.EventStreamManagement": "[1.0.0, )"
        }
      },
      "taskflow.domain": {
        "type": "Project",
        "dependencies": {
          "ErikLieben.FA.ES": "[1.0.0, )",
          "ErikLieben.FA.ES.AzureStorage": "[1.0.0, )",
          "ErikLieben.FA.ES.CosmosDb": "[1.0.0, )",
          "ErikLieben.FA.ES.Postgres": "[1.0.0, )",
          "ErikLieben.FA.ES.S3": "[1.0.0, )",
          "ErikLieben.FA.Results": "[1.1.2, )",
          "ErikLieben.FA.Results.Validations": "[1.1.2, )",
          "ErikLieben.FA.Specifications": "[1.0.8, )",
          "ErikLieben.FA.StronglyTypedIds": "[2.1.2, )"
        }
      },
      "taskflow.servicedefaults": {
        "type": "Project",
        "dependencies": {
          "ErikLieben.FA.ES": "[1.0.0, )",
          "Microsoft.Extensions.Http.Resilience": "[10.3.0, )",
          "Microsoft.Extensions.ServiceDiscovery": "[10.3.0, )",
          "OpenTelemetry.Exporter.OpenTelemetryProtocol": "[1.15.0, )",
          "OpenTelemetry.Extensions.Hosting": "[1.15.0, )",
          "OpenTelemetry.Instrumentation.AspNetCore": "[1.15.0, )",
          "OpenTelemetry.Instrumentation.Http": "[1.15.0, )",
          "OpenTelemetry.Instrumentation.Runtime": "[1.15.0, )"
        }
      }
    }
  }
}