
Microsoft Visual Studio Solution File, Format Version 12.00
# Visual Studio Version 17
VisualStudioVersion = 17.12.35506.116
MinimumVisualStudioVersion = 10.0.40219.1
Project("{2150E333-8FDC-42A3-9474-1A3956D46DE8}") = "tests", "tests", "{39DAEAA4-BD44-417A-A134-291F90E60AD5}"
EndProject
Project("{FAE04EC0-301F-11D3-BF4B-00C04F79EFBC}") = "ErikLieben.FA.ES", "src\ErikLieben.FA.ES\ErikLieben.FA.ES.csproj", "{D95E2711-1BB8-4CA5-8BD5-824346A925DF}"
EndProject
Project("{FAE04EC0-301F-11D3-BF4B-00C04F79EFBC}") = "ErikLieben.FA.ES.Azure.Functions.Worker.Extensions", "src\ErikLieben.FA.ES.Azure.Functions.Worker.Extensions\ErikLieben.FA.ES.Azure.Functions.Worker.Extensions.csproj", "{3E49BEFE-3D59-45D0-AE96-38108A7C2616}"
EndProject
Project("{FAE04EC0-301F-11D3-BF4B-00C04F79EFBC}") = "ErikLieben.FA.ES.AzureStorage", "src\ErikLieben.FA.ES.AzureStorage\ErikLieben.FA.ES.AzureStorage.csproj", "{32286235-0BA1-4231-889B-92CEFA971B60}"
EndProject
Project("{FAE04EC0-301F-11D3-BF4B-00C04F79EFBC}") = "ErikLieben.FA.ES.CLI", "src\ErikLieben.FA.ES.CLI\ErikLieben.FA.ES.CLI.csproj", "{76A4D36F-000F-4913-BD98-1E99A3C6F8D1}"
EndProject
Project("{FAE04EC0-301F-11D3-BF4B-00C04F79EFBC}") = "ErikLieben.FA.ES.WebJobs.Isolated.Extensions", "src\ErikLieben.FA.ES.WebJobs.Isolated.Extensions\ErikLieben.FA.ES.WebJobs.Isolated.Extensions.csproj", "{50E14087-0444-4DFF-A68F-D9924239438E}"
EndProject
Project("{FAE04EC0-301F-11D3-BF4B-00C04F79EFBC}") = "ErikLieben.FA.ES.Tests", "test\ErikLieben.FA.ES.Tests\ErikLieben.FA.ES.Tests.csproj", "{0229D14F-FCDB-4602-A97F-9E9F9ED02359}"
EndProject
Project("{FAE04EC0-301F-11D3-BF4B-00C04F79EFBC}") = "ErikLieben.FA.ES.AzureStorage.Tests", "test\ErikLieben.FA.ES.AzureStorage.Tests\ErikLieben.FA.ES.AzureStorage.Tests.csproj", "{23557AD8-BD3C-4CC4-834F-ACD791767250}"
EndProject
Project("{FAE04EC0-301F-11D3-BF4B-00C04F79EFBC}") = "ErikLieben.FA.ES.CLI.Tests", "test\ErikLieben.FA.ES.CLI.Tests\ErikLieben.FA.ES.CLI.Tests.csproj", "{35D220B9-FD20-4CF2-A058-3543EF858FA8}"
EndProject
Project("{2150E333-8FDC-42A3-9474-1A3956D46DE8}") = "Solution", "Solution", "{69FBA63A-07DA-466C-B42B-56A69E163A38}"
	ProjectSection(SolutionItems) = preProject
		coverage.runsettings = coverage.runsettings
		global.json = global.json
		LICENSE = LICENSE
		README.md = README.md
		.junie\guidelines.md = .junie\guidelines.md
		docs\worklog.md = docs\worklog.md
	EndProjectSection
EndProject
Project("{FAE04EC0-301F-11D3-BF4B-00C04F79EFBC}") = "ErikLieben.FA.ES.Testing", "src\ErikLieben.FA.ES.Testing\ErikLieben.FA.ES.Testing.csproj", "{B347875B-DC43-49EE-AF49-05205D766F68}"
EndProject
Project("{FAE04EC0-301F-11D3-BF4B-00C04F79EFBC}") = "ErikLieben.FA.ES.Analyzers", "src\ErikLieben.FA.ES.Analyzers\ErikLieben.FA.ES.Analyzers.csproj", "{A1B2C3D4-E5F6-47A8-9B0C-1D2E3F4A5B6C}"
EndProject
Project("{FAE04EC0-301F-11D3-BF4B-00C04F79EFBC}") = "ErikLieben.FA.ES.WebJobs.Isolated.Extensions.Tests", "test\ErikLieben.FA.ES.WebJobs.Isolated.Extensions.Tests\ErikLieben.FA.ES.WebJobs.Isolated.Extensions.Tests.csproj", "{133E019A-9FA7-4C70-B4E8-D79D09955016}"
EndProject
Project("{FAE04EC0-301F-11D3-BF4B-00C04F79EFBC}") = "ErikLieben.FA.ES.Azure.Functions.Worker.Extensions.Tests", "test\ErikLieben.FA.ES.Azure.Functions.Worker.Extensions.Tests\ErikLieben.FA.ES.Azure.Functions.Worker.Extensions.Tests.csproj", "{7A1D6B7A-5EAB-4634-BB7E-7A3E5E6E1F23}"
EndProject
Project("{FAE04EC0-301F-11D3-BF4B-00C04F79EFBC}") = "ErikLieben.FA.ES.Testing.Tests", "test\ErikLieben.FA.ES.Testing.Tests\ErikLieben.FA.ES.Testing.Tests.csproj", "{8C3E1C7E-1234-4D7E-B6E5-1A2B3C4D5E6F}"
EndProject
Project("{FAE04EC0-301F-11D3-BF4B-00C04F79EFBC}") = "ErikLieben.FA.ES.Analyzers.Tests", "test\ErikLieben.FA.ES.Analyzers.Tests\ErikLieben.FA.ES.Analyzers.Tests.csproj", "{6EC3BFBD-D66C-4314-BDE7-5EA9EB37D197}"
EndProject
Project("{2150E333-8FDC-42A3-9474-1A3956D46DE8}") = "docs", "docs", "{86003D64-746A-407E-891D-F4305774B979}"
EndProject
Global
	GlobalSection(SolutionConfigurationPlatforms) = preSolution
		Debug|Any CPU = Debug|Any CPU
		Debug|x64 = Debug|x64
		Debug|x86 = Debug|x86
		Release|Any CPU = Release|Any CPU
		Release|x64 = Release|x64
		Release|x86 = Release|x86
	EndGlobalSection
	GlobalSection(ProjectConfigurationPlatforms) = postSolution
		{D95E2711-1BB8-4CA5-8BD5-824346A925DF}.Debug|Any CPU.ActiveCfg = Debug|Any CPU
		{D95E2711-1BB8-4CA5-8BD5-824346A925DF}.Debug|Any CPU.Build.0 = Debug|Any CPU
		{D95E2711-1BB8-4CA5-8BD5-824346A925DF}.Debug|x64.ActiveCfg = Debug|Any CPU
		{D95E2711-1BB8-4CA5-8BD5-824346A925DF}.Debug|x64.Build.0 = Debug|Any CPU
		{D95E2711-1BB8-4CA5-8BD5-824346A925DF}.Debug|x86.ActiveCfg = Debug|Any CPU
		{D95E2711-1BB8-4CA5-8BD5-824346A925DF}.Debug|x86.Build.0 = Debug|Any CPU
		{D95E2711-1BB8-4CA5-8BD5-824346A925DF}.Release|Any CPU.ActiveCfg = Release|Any CPU
		{D95E2711-1BB8-4CA5-8BD5-824346A925DF}.Release|Any CPU.Build.0 = Release|Any CPU
		{D95E2711-1BB8-4CA5-8BD5-824346A925DF}.Release|x64.ActiveCfg = Release|Any CPU
		{D95E2711-1BB8-4CA5-8BD5-824346A925DF}.Release|x64.Build.0 = Release|Any CPU
		{D95E2711-1BB8-4CA5-8BD5-824346A925DF}.Release|x86.ActiveCfg = Release|Any CPU
		{D95E2711-1BB8-4CA5-8BD5-824346A925DF}.Release|x86.Build.0 = Release|Any CPU
		{3E49BEFE-3D59-45D0-AE96-38108A7C2616}.Debug|Any CPU.ActiveCfg = Debug|Any CPU
		{3E49BEFE-3D59-45D0-AE96-38108A7C2616}.Debug|Any CPU.Build.0 = Debug|Any CPU
		{3E49BEFE-3D59-45D0-AE96-38108A7C2616}.Debug|x64.ActiveCfg = Debug|Any CPU
		{3E49BEFE-3D59-45D0-AE96-38108A7C2616}.Debug|x64.Build.0 = Debug|Any CPU
		{3E49BEFE-3D59-45D0-AE96-38108A7C2616}.Debug|x86.ActiveCfg = Debug|Any CPU
		{3E49BEFE-3D59-45D0-AE96-38108A7C2616}.Debug|x86.Build.0 = Debug|Any CPU
		{3E49BEFE-3D59-45D0-AE96-38108A7C2616}.Release|Any CPU.ActiveCfg = Release|Any CPU
		{3E49BEFE-3D59-45D0-AE96-38108A7C2616}.Release|Any CPU.Build.0 = Release|Any CPU
		{3E49BEFE-3D59-45D0-AE96-38108A7C2616}.Release|x64.ActiveCfg = Release|Any CPU
		{3E49BEFE-3D59-45D0-AE96-38108A7C2616}.Release|x64.Build.0 = Release|Any CPU
		{3E49BEFE-3D59-45D0-AE96-38108A7C2616}.Release|x86.ActiveCfg = Release|Any CPU
		{3E49BEFE-3D59-45D0-AE96-38108A7C2616}.Release|x86.Build.0 = Release|Any CPU
		{32286235-0BA1-4231-889B-92CEFA971B60}.Debug|Any CPU.ActiveCfg = Debug|Any CPU
		{32286235-0BA1-4231-889B-92CEFA971B60}.Debug|Any CPU.Build.0 = Debug|Any CPU
		{32286235-0BA1-4231-889B-92CEFA971B60}.Debug|x64.ActiveCfg = Debug|Any CPU
		{32286235-0BA1-4231-889B-92CEFA971B60}.Debug|x64.Build.0 = Debug|Any CPU
		{32286235-0BA1-4231-889B-92CEFA971B60}.Debug|x86.ActiveCfg = Debug|Any CPU
		{32286235-0BA1-4231-889B-92CEFA971B60}.Debug|x86.Build.0 = Debug|Any CPU
		{32286235-0BA1-4231-889B-92CEFA971B60}.Release|Any CPU.ActiveCfg = Release|Any CPU
		{32286235-0BA1-4231-889B-92CEFA971B60}.Release|Any CPU.Build.0 = Release|Any CPU
		{32286235-0BA1-4231-889B-92CEFA971B60}.Release|x64.ActiveCfg = Release|Any CPU
		{32286235-0BA1-4231-889B-92CEFA971B60}.Release|x64.Build.0 = Release|Any CPU
		{32286235-0BA1-4231-889B-92CEFA971B60}.Release|x86.ActiveCfg = Release|Any CPU
		{32286235-0BA1-4231-889B-92CEFA971B60}.Release|x86.Build.0 = Release|Any CPU
		{76A4D36F-000F-4913-BD98-1E99A3C6F8D1}.Debug|Any CPU.ActiveCfg = Debug|Any CPU
		{76A4D36F-000F-4913-BD98-1E99A3C6F8D1}.Debug|Any CPU.Build.0 = Debug|Any CPU
		{76A4D36F-000F-4913-BD98-1E99A3C6F8D1}.Debug|x64.ActiveCfg = Debug|Any CPU
		{76A4D36F-000F-4913-BD98-1E99A3C6F8D1}.Debug|x64.Build.0 = Debug|Any CPU
		{76A4D36F-000F-4913-BD98-1E99A3C6F8D1}.Debug|x86.ActiveCfg = Debug|Any CPU
		{76A4D36F-000F-4913-BD98-1E99A3C6F8D1}.Debug|x86.Build.0 = Debug|Any CPU
		{76A4D36F-000F-4913-BD98-1E99A3C6F8D1}.Release|Any CPU.ActiveCfg = Release|Any CPU
		{76A4D36F-000F-4913-BD98-1E99A3C6F8D1}.Release|Any CPU.Build.0 = Release|Any CPU
		{76A4D36F-000F-4913-BD98-1E99A3C6F8D1}.Release|x64.ActiveCfg = Release|Any CPU
		{76A4D36F-000F-4913-BD98-1E99A3C6F8D1}.Release|x64.Build.0 = Release|Any CPU
		{76A4D36F-000F-4913-BD98-1E99A3C6F8D1}.Release|x86.ActiveCfg = Release|Any CPU
		{76A4D36F-000F-4913-BD98-1E99A3C6F8D1}.Release|x86.Build.0 = Release|Any CPU
		{50E14087-0444-4DFF-A68F-D9924239438E}.Debug|Any CPU.ActiveCfg = Debug|Any CPU
		{50E14087-0444-4DFF-A68F-D9924239438E}.Debug|Any CPU.Build.0 = Debug|Any CPU
		{50E14087-0444-4DFF-A68F-D9924239438E}.Debug|x64.ActiveCfg = Debug|Any CPU
		{50E14087-0444-4DFF-A68F-D9924239438E}.Debug|x64.Build.0 = Debug|Any CPU
		{50E14087-0444-4DFF-A68F-D9924239438E}.Debug|x86.ActiveCfg = Debug|Any CPU
		{50E14087-0444-4DFF-A68F-D9924239438E}.Debug|x86.Build.0 = Debug|Any CPU
		{50E14087-0444-4DFF-A68F-D9924239438E}.Release|Any CPU.ActiveCfg = Release|Any CPU
		{50E14087-0444-4DFF-A68F-D9924239438E}.Release|Any CPU.Build.0 = Release|Any CPU
		{50E14087-0444-4DFF-A68F-D9924239438E}.Release|x64.ActiveCfg = Release|Any CPU
		{50E14087-0444-4DFF-A68F-D9924239438E}.Release|x64.Build.0 = Release|Any CPU
		{50E14087-0444-4DFF-A68F-D9924239438E}.Release|x86.ActiveCfg = Release|Any CPU
		{50E14087-0444-4DFF-A68F-D9924239438E}.Release|x86.Build.0 = Release|Any CPU
		{0229D14F-FCDB-4602-A97F-9E9F9ED02359}.Debug|Any CPU.ActiveCfg = Debug|Any CPU
		{0229D14F-FCDB-4602-A97F-9E9F9ED02359}.Debug|Any CPU.Build.0 = Debug|Any CPU
		{0229D14F-FCDB-4602-A97F-9E9F9ED02359}.Debug|x64.ActiveCfg = Debug|Any CPU
		{0229D14F-FCDB-4602-A97F-9E9F9ED02359}.Debug|x64.Build.0 = Debug|Any CPU
		{0229D14F-FCDB-4602-A97F-9E9F9ED02359}.Debug|x86.ActiveCfg = Debug|Any CPU
		{0229D14F-FCDB-4602-A97F-9E9F9ED02359}.Debug|x86.Build.0 = Debug|Any CPU
		{0229D14F-FCDB-4602-A97F-9E9F9ED02359}.Release|Any CPU.ActiveCfg = Release|Any CPU
		{0229D14F-FCDB-4602-A97F-9E9F9ED02359}.Release|Any CPU.Build.0 = Release|Any CPU
		{0229D14F-FCDB-4602-A97F-9E9F9ED02359}.Release|x64.ActiveCfg = Release|Any CPU
		{0229D14F-FCDB-4602-A97F-9E9F9ED02359}.Release|x64.Build.0 = Release|Any CPU
		{0229D14F-FCDB-4602-A97F-9E9F9ED02359}.Release|x86.ActiveCfg = Release|Any CPU
		{0229D14F-FCDB-4602-A97F-9E9F9ED02359}.Release|x86.Build.0 = Release|Any CPU
		{23557AD8-BD3C-4CC4-834F-ACD791767250}.Debug|Any CPU.ActiveCfg = Debug|Any CPU
		{23557AD8-BD3C-4CC4-834F-ACD791767250}.Debug|Any CPU.Build.0 = Debug|Any CPU
		{23557AD8-BD3C-4CC4-834F-ACD791767250}.Debug|x64.ActiveCfg = Debug|Any CPU
		{23557AD8-BD3C-4CC4-834F-ACD791767250}.Debug|x64.Build.0 = Debug|Any CPU
		{23557AD8-BD3C-4CC4-834F-ACD791767250}.Debug|x86.ActiveCfg = Debug|Any CPU
		{23557AD8-BD3C-4CC4-834F-ACD791767250}.Debug|x86.Build.0 = Debug|Any CPU
		{23557AD8-BD3C-4CC4-834F-ACD791767250}.Release|Any CPU.ActiveCfg = Release|Any CPU
		{23557AD8-BD3C-4CC4-834F-ACD791767250}.Release|Any CPU.Build.0 = Release|Any CPU
		{23557AD8-BD3C-4CC4-834F-ACD791767250}.Release|x64.ActiveCfg = Release|Any CPU
		{23557AD8-BD3C-4CC4-834F-ACD791767250}.Release|x64.Build.0 = Release|Any CPU
		{23557AD8-BD3C-4CC4-834F-ACD791767250}.Release|x86.ActiveCfg = Release|Any CPU
		{23557AD8-BD3C-4CC4-834F-ACD791767250}.Release|x86.Build.0 = Release|Any CPU
		{35D220B9-FD20-4CF2-A058-3543EF858FA8}.Debug|Any CPU.ActiveCfg = Debug|Any CPU
		{35D220B9-FD20-4CF2-A058-3543EF858FA8}.Debug|Any CPU.Build.0 = Debug|Any CPU
		{35D220B9-FD20-4CF2-A058-3543EF858FA8}.Debug|x64.ActiveCfg = Debug|Any CPU
		{35D220B9-FD20-4CF2-A058-3543EF858FA8}.Debug|x64.Build.0 = Debug|Any CPU
		{35D220B9-FD20-4CF2-A058-3543EF858FA8}.Debug|x86.ActiveCfg = Debug|Any CPU
		{35D220B9-FD20-4CF2-A058-3543EF858FA8}.Debug|x86.Build.0 = Debug|Any CPU
		{35D220B9-FD20-4CF2-A058-3543EF858FA8}.Release|Any CPU.ActiveCfg = Release|Any CPU
		{35D220B9-FD20-4CF2-A058-3543EF858FA8}.Release|Any CPU.Build.0 = Release|Any CPU
		{35D220B9-FD20-4CF2-A058-3543EF858FA8}.Release|x64.ActiveCfg = Release|Any CPU
		{35D220B9-FD20-4CF2-A058-3543EF858FA8}.Release|x64.Build.0 = Release|Any CPU
		{35D220B9-FD20-4CF2-A058-3543EF858FA8}.Release|x86.ActiveCfg = Release|Any CPU
		{35D220B9-FD20-4CF2-A058-3543EF858FA8}.Release|x86.Build.0 = Release|Any CPU
		{B347875B-DC43-49EE-AF49-05205D766F68}.Debug|Any CPU.ActiveCfg = Debug|Any CPU
		{B347875B-DC43-49EE-AF49-05205D766F68}.Debug|Any CPU.Build.0 = Debug|Any CPU
		{B347875B-DC43-49EE-AF49-05205D766F68}.Debug|x64.ActiveCfg = Debug|Any CPU
		{B347875B-DC43-49EE-AF49-05205D766F68}.Debug|x64.Build.0 = Debug|Any CPU
		{B347875B-DC43-49EE-AF49-05205D766F68}.Debug|x86.ActiveCfg = Debug|Any CPU
		{B347875B-DC43-49EE-AF49-05205D766F68}.Debug|x86.Build.0 = Debug|Any CPU
		{B347875B-DC43-49EE-AF49-05205D766F68}.Release|Any CPU.ActiveCfg = Release|Any CPU
		{B347875B-DC43-49EE-AF49-05205D766F68}.Release|Any CPU.Build.0 = Release|Any CPU
		{B347875B-DC43-49EE-AF49-05205D766F68}.Release|x64.ActiveCfg = Release|Any CPU
		{B347875B-DC43-49EE-AF49-05205D766F68}.Release|x64.Build.0 = Release|Any CPU
		{B347875B-DC43-49EE-AF49-05205D766F68}.Release|x86.ActiveCfg = Release|Any CPU
		{B347875B-DC43-49EE-AF49-05205D766F68}.Release|x86.Build.0 = Release|Any CPU
		{A1B2C3D4-E5F6-47A8-9B0C-1D2E3F4A5B6C}.Debug|Any CPU.ActiveCfg = Debug|Any CPU
		{A1B2C3D4-E5F6-47A8-9B0C-1D2E3F4A5B6C}.Debug|Any CPU.Build.0 = Debug|Any CPU
		{A1B2C3D4-E5F6-47A8-9B0C-1D2E3F4A5B6C}.Debug|x64.ActiveCfg = Debug|Any CPU
		{A1B2C3D4-E5F6-47A8-9B0C-1D2E3F4A5B6C}.Debug|x64.Build.0 = Debug|Any CPU
		{A1B2C3D4-E5F6-47A8-9B0C-1D2E3F4A5B6C}.Debug|x86.ActiveCfg = Debug|Any CPU
		{A1B2C3D4-E5F6-47A8-9B0C-1D2E3F4A5B6C}.Debug|x86.Build.0 = Debug|Any CPU
		{A1B2C3D4-E5F6-47A8-9B0C-1D2E3F4A5B6C}.Release|Any CPU.ActiveCfg = Release|Any CPU
		{A1B2C3D4-E5F6-47A8-9B0C-1D2E3F4A5B6C}.Release|Any CPU.Build.0 = Release|Any CPU
		{A1B2C3D4-E5F6-47A8-9B0C-1D2E3F4A5B6C}.Release|x64.ActiveCfg = Release|Any CPU
		{A1B2C3D4-E5F6-47A8-9B0C-1D2E3F4A5B6C}.Release|x64.Build.0 = Release|Any CPU
		{A1B2C3D4-E5F6-47A8-9B0C-1D2E3F4A5B6C}.Release|x86.ActiveCfg = Release|Any CPU
		{A1B2C3D4-E5F6-47A8-9B0C-1D2E3F4A5B6C}.Release|x86.Build.0 = Release|Any CPU
		{133E019A-9FA7-4C70-B4E8-D79D09955016}.Debug|Any CPU.ActiveCfg = Debug|Any CPU
		{133E019A-9FA7-4C70-B4E8-D79D09955016}.Debug|Any CPU.Build.0 = Debug|Any CPU
		{133E019A-9FA7-4C70-B4E8-D79D09955016}.Debug|x64.ActiveCfg = Debug|Any CPU
		{133E019A-9FA7-4C70-B4E8-D79D09955016}.Debug|x64.Build.0 = Debug|Any CPU
		{133E019A-9FA7-4C70-B4E8-D79D09955016}.Debug|x86.ActiveCfg = Debug|Any CPU
		{133E019A-9FA7-4C70-B4E8-D79D09955016}.Debug|x86.Build.0 = Debug|Any CPU
		{133E019A-9FA7-4C70-B4E8-D79D09955016}.Release|Any CPU.ActiveCfg = Release|Any CPU
		{133E019A-9FA7-4C70-B4E8-D79D09955016}.Release|Any CPU.Build.0 = Release|Any CPU
		{133E019A-9FA7-4C70-B4E8-D79D09955016}.Release|x64.ActiveCfg = Release|Any CPU
		{133E019A-9FA7-4C70-B4E8-D79D09955016}.Release|x64.Build.0 = Release|Any CPU
		{133E019A-9FA7-4C70-B4E8-D79D09955016}.Release|x86.ActiveCfg = Release|Any CPU
		{133E019A-9FA7-4C70-B4E8-D79D09955016}.Release|x86.Build.0 = Release|Any CPU
		{7A1D6B7A-5EAB-4634-BB7E-7A3E5E6E1F23}.Debug|Any CPU.ActiveCfg = Debug|Any CPU
		{7A1D6B7A-5EAB-4634-BB7E-7A3E5E6E1F23}.Debug|Any CPU.Build.0 = Debug|Any CPU
		{7A1D6B7A-5EAB-4634-BB7E-7A3E5E6E1F23}.Debug|x64.ActiveCfg = Debug|Any CPU
		{7A1D6B7A-5EAB-4634-BB7E-7A3E5E6E1F23}.Debug|x64.Build.0 = Debug|Any CPU
		{7A1D6B7A-5EAB-4634-BB7E-7A3E5E6E1F23}.Debug|x86.ActiveCfg = Debug|Any CPU
		{7A1D6B7A-5EAB-4634-BB7E-7A3E5E6E1F23}.Debug|x86.Build.0 = Debug|Any CPU
		{7A1D6B7A-5EAB-4634-BB7E-7A3E5E6E1F23}.Release|Any CPU.ActiveCfg = Release|Any CPU
		{7A1D6B7A-5EAB-4634-BB7E-7A3E5E6E1F23}.Release|Any CPU.Build.0 = Release|Any CPU
		{7A1D6B7A-5EAB-4634-BB7E-7A3E5E6E1F23}.Release|x64.ActiveCfg = Release|Any CPU
		{7A1D6B7A-5EAB-4634-BB7E-7A3E5E6E1F23}.Release|x64.Build.0 = Release|Any CPU
		{7A1D6B7A-5EAB-4634-BB7E-7A3E5E6E1F23}.Release|x86.ActiveCfg = Release|Any CPU
		{7A1D6B7A-5EAB-4634-BB7E-7A3E5E6E1F23}.Release|x86.Build.0 = Release|Any CPU
		{8C3E1C7E-1234-4D7E-B6E5-1A2B3C4D5E6F}.Debug|Any CPU.ActiveCfg = Debug|Any CPU
		{8C3E1C7E-1234-4D7E-B6E5-1A2B3C4D5E6F}.Debug|Any CPU.Build.0 = Debug|Any CPU
		{8C3E1C7E-1234-4D7E-B6E5-1A2B3C4D5E6F}.Debug|x64.ActiveCfg = Debug|Any CPU
		{8C3E1C7E-1234-4D7E-B6E5-1A2B3C4D5E6F}.Debug|x64.Build.0 = Debug|Any CPU
		{8C3E1C7E-1234-4D7E-B6E5-1A2B3C4D5E6F}.Debug|x86.ActiveCfg = Debug|Any CPU
		{8C3E1C7E-1234-4D7E-B6E5-1A2B3C4D5E6F}.Debug|x86.Build.0 = Debug|Any CPU
		{8C3E1C7E-1234-4D7E-B6E5-1A2B3C4D5E6F}.Release|Any CPU.ActiveCfg = Release|Any CPU
		{8C3E1C7E-1234-4D7E-B6E5-1A2B3C4D5E6F}.Release|Any CPU.Build.0 = Release|Any CPU
		{8C3E1C7E-1234-4D7E-B6E5-1A2B3C4D5E6F}.Release|x64.ActiveCfg = Release|Any CPU
		{8C3E1C7E-1234-4D7E-B6E5-1A2B3C4D5E6F}.Release|x64.Build.0 = Release|Any CPU
		{8C3E1C7E-1234-4D7E-B6E5-1A2B3C4D5E6F}.Release|x86.ActiveCfg = Release|Any CPU
		{8C3E1C7E-1234-4D7E-B6E5-1A2B3C4D5E6F}.Release|x86.Build.0 = Release|Any CPU
		{6EC3BFBD-D66C-4314-BDE7-5EA9EB37D197}.Debug|Any CPU.ActiveCfg = Debug|Any CPU
		{6EC3BFBD-D66C-4314-BDE7-5EA9EB37D197}.Debug|Any CPU.Build.0 = Debug|Any CPU
		{6EC3BFBD-D66C-4314-BDE7-5EA9EB37D197}.Debug|x64.ActiveCfg = Debug|Any CPU
		{6EC3BFBD-D66C-4314-BDE7-5EA9EB37D197}.Debug|x64.Build.0 = Debug|Any CPU
		{6EC3BFBD-D66C-4314-BDE7-5EA9EB37D197}.Debug|x86.ActiveCfg = Debug|Any CPU
		{6EC3BFBD-D66C-4314-BDE7-5EA9EB37D197}.Debug|x86.Build.0 = Debug|Any CPU
		{6EC3BFBD-D66C-4314-BDE7-5EA9EB37D197}.Release|Any CPU.ActiveCfg = Release|Any CPU
		{6EC3BFBD-D66C-4314-BDE7-5EA9EB37D197}.Release|Any CPU.Build.0 = Release|Any CPU
		{6EC3BFBD-D66C-4314-BDE7-5EA9EB37D197}.Release|x64.ActiveCfg = Release|Any CPU
		{6EC3BFBD-D66C-4314-BDE7-5EA9EB37D197}.Release|x64.Build.0 = Release|Any CPU
		{6EC3BFBD-D66C-4314-BDE7-5EA9EB37D197}.Release|x86.ActiveCfg = Release|Any CPU
		{6EC3BFBD-D66C-4314-BDE7-5EA9EB37D197}.Release|x86.Build.0 = Release|Any CPU
	EndGlobalSection
	GlobalSection(SolutionProperties) = preSolution
		HideSolutionNode = FALSE
	EndGlobalSection
	GlobalSection(NestedProjects) = preSolution
		{0229D14F-FCDB-4602-A97F-9E9F9ED02359} = {39DAEAA4-BD44-417A-A134-291F90E60AD5}
		{23557AD8-BD3C-4CC4-834F-ACD791767250} = {39DAEAA4-BD44-417A-A134-291F90E60AD5}
		{35D220B9-FD20-4CF2-A058-3543EF858FA8} = {39DAEAA4-BD44-417A-A134-291F90E60AD5}
		{133E019A-9FA7-4C70-B4E8-D79D09955016} = {39DAEAA4-BD44-417A-A134-291F90E60AD5}
		{7A1D6B7A-5EAB-4634-BB7E-7A3E5E6E1F23} = {39DAEAA4-BD44-417A-A134-291F90E60AD5}
		{8C3E1C7E-1234-4D7E-B6E5-1A2B3C4D5E6F} = {39DAEAA4-BD44-417A-A134-291F90E60AD5}
		{6EC3BFBD-D66C-4314-BDE7-5EA9EB37D197} = {39DAEAA4-BD44-417A-A134-291F90E60AD5}
		{86003D64-746A-407E-891D-F4305774B979} = {69FBA63A-07DA-466C-B42B-56A69E163A38}
	EndGlobalSection
	GlobalSection(ExtensibilityGlobals) = postSolution
		SolutionGuid = {4ADA70A8-F315-4062-915A-FC928B916A7A}
	EndGlobalSection
EndGlobal
