{
  "version": 1,
  "dependencies": {
    "net10.0": {
      "Microsoft.CodeAnalysis.PublicApiAnalyzers": {
        "type": "Direct",
        "requested": "[4.14.0, )",
        "resolved": "4.14.0",
        "contentHash": "5zBDSa8D1pfn5VyDzRekcYdVx/DGAzwegblVJhzdN0kvPt97TPr12haA6ZG0wS2WgBb1W42GeZJRiRtlNaoY1w=="
      },
      "Microsoft.NET.ILLink.Tasks": {
        "type": "Direct",
        "requested": "[10.0.7, )",
        "resolved": "10.0.7",
        "contentHash": "AA/yhzFHNtQZXLdqjzujPy25G8EWwGWsAnxOE2zYSBoT/8QHP6ketN3CToD3DFreO653ipUwnKHo22B8AlBMCw=="
      },
      "Microsoft.Extensions.Compliance.Abstractions": {
        "type": "Transitive",
        "resolved": "10.4.0",
        "contentHash": "4WkknDbVrHNf+S6fwSt1OAXlGJ/G/QrtJlqx4aNzOLmeT3GRyxpGLZn+Q3UV+RMRAF6FfsijEZBg2ZAW8bTAkg==",
        "dependencies": {
          "Microsoft.Extensions.DependencyInjection.Abstractions": "10.0.4",
          "Microsoft.Extensions.ObjectPool": "10.0.4"
        }
      },
      "Microsoft.Extensions.Configuration": {
        "type": "Transitive",
        "resolved": "10.0.4",
        "contentHash": "601B3ha6XvOsOcu9GVd2dVd1KEDuqr49r46GUWhNJkeZDhZ/NI9EYTyoeQjZQEi8ZUvnrv++FbTfGmC8F0vgtg==",
        "dependencies": {
          "Microsoft.Extensions.Configuration.Abstractions": "10.0.4",
          "Microsoft.Extensions.Primitives": "10.0.4"
        }
      },
      "Microsoft.Extensions.Configuration.Abstractions": {
        "type": "Transitive",
        "resolved": "10.0.4",
        "contentHash": "3x9X9SMAMdAoEwWxHfsT2a9dTBqEtfYfbEOFw+UPtBshEH2gHWJeazxrZ1FK1O18MoCbe1NxINg5qciB01pEcg==",
        "dependencies": {
          "Microsoft.Extensions.Primitives": "10.0.4"
        }
      },
      "Microsoft.Extensions.Configuration.Binder": {
        "type": "Transitive",
        "resolved": "10.0.4",
        "contentHash": "ilnL/kQn62Gx3OZCVT7SJrBNi0CRIhS8VEunmE6i/a9lp9l/eos+hpxMvCW4iX2aVc/NWeDhxuQusZL7zvmKIg==",
        "dependencies": {
          "Microsoft.Extensions.Configuration": "10.0.4",
          "Microsoft.Extensions.Configuration.Abstractions": "10.0.4"
        }
      },
      "Microsoft.Extensions.DependencyInjection.Abstractions": {
        "type": "Transitive",
        "resolved": "10.0.5",
        "contentHash": "iVMtq9eRvzyhx8949EGT0OCYJfXi737SbRVzWXE5GrOgGj5AaZ9eUuxA/BSUfmOMALKn/g8KfFaNQw0eiB3lyA=="
      },
      "Microsoft.Extensions.Diagnostics": {
        "type": "Transitive",
        "resolved": "10.0.4",
        "contentHash": "R9W7AttMedwOwJ7wRqTGBoVbX2JmlyWA+LJQUhizmS7Be9f6EJUn/+lvaIYDrOYtA1UzAfrwU871hpvZSPyIkg==",
        "dependencies": {
          "Microsoft.Extensions.Configuration": "10.0.4",
          "Microsoft.Extensions.Diagnostics.Abstractions": "10.0.4",
          "Microsoft.Extensions.Options.ConfigurationExtensions": "10.0.4"
        }
      },
      "Microsoft.Extensions.Diagnostics.Abstractions": {
        "type": "Transitive",
        "resolved": "10.0.4",
        "contentHash": "JH2RyevIwJ1E9mBsZRXR+12TnUauptKgzCdOghhk3sE+dqcxB16GoE7x+0IuqTbaixM1ESXTNoqEw/IBnhM7LQ==",
        "dependencies": {
          "Microsoft.Extensions.DependencyInjection.Abstractions": "10.0.4",
          "Microsoft.Extensions.Options": "10.0.4"
        }
      },
      "Microsoft.Extensions.Diagnostics.ExceptionSummarization": {
        "type": "Transitive",
        "resolved": "10.4.0",
        "contentHash": "1/hQmONMWxRTKXuN0pQShQN9QsqIRTS1G4fdmKW0O9phuVZjyzIROQD9Fbfwyn2t+yvP8SzjatGAPX4jDRfgHg==",
        "dependencies": {
          "Microsoft.Extensions.DependencyInjection.Abstractions": "10.0.4"
        }
      },
      "Microsoft.Extensions.Logging.Abstractions": {
        "type": "Transitive",
        "resolved": "10.0.4",
        "contentHash": "PDMMt7fvBatv6hcxxyJtXIzSwn7Dy00W6I2vDAOTYrQqNM2dF5A2L9n0uMzdPz2IPoNZWkAmYjoOCEdDLq0i4w==",
        "dependencies": {
          "Microsoft.Extensions.DependencyInjection.Abstractions": "10.0.4"
        }
      },
      "Microsoft.Extensions.ObjectPool": {
        "type": "Transitive",
        "resolved": "10.0.4",
        "contentHash": "2pufIFOgNl/yWTOoIC9XgBnO9VxgfAjdRCnVwpE2+ICfcroGnjuEAGzJ5lTdZeAe0HvA31vMBWXtcmGB7TOq3g=="
      },
      "Microsoft.Extensions.Options": {
        "type": "Transitive",
        "resolved": "10.0.5",
        "contentHash": "MDaQMdUplw0AIRhWWmbLA7yQEXaLIHb+9CTroTiNS8OlI0LMXS4LCxtopqauiqGCWlRgJ+xyraVD8t6veRAFbw==",
        "dependencies": {
          "Microsoft.Extensions.DependencyInjection.Abstractions": "10.0.5",
          "Microsoft.Extensions.Primitives": "10.0.5"
        }
      },
      "Microsoft.Extensions.Options.ConfigurationExtensions": {
        "type": "Transitive",
        "resolved": "10.0.4",
        "contentHash": "amQUITwSnkbMPxh/ngneNykz4UtytEOXo0M/pbwdBiQU57EAVvBV5PFI8r/dRastUj0yxHVwrH64N9ACR5SdGQ==",
        "dependencies": {
          "Microsoft.Extensions.Configuration.Abstractions": "10.0.4",
          "Microsoft.Extensions.Configuration.Binder": "10.0.4",
          "Microsoft.Extensions.DependencyInjection.Abstractions": "10.0.4",
          "Microsoft.Extensions.Options": "10.0.4",
          "Microsoft.Extensions.Primitives": "10.0.4"
        }
      },
      "Microsoft.Extensions.Primitives": {
        "type": "Transitive",
        "resolved": "10.0.5",
        "contentHash": "/HUHJ0tw/LQvD0DZrz50eQy/3z7PfX7WWEaXnjKTV9/TNdcgFlNTZGo49QhS7PTmhDqMyHRMqAXSBxLh0vso4g=="
      },
      "Microsoft.Extensions.Resilience": {
        "type": "Transitive",
        "resolved": "10.4.0",
        "contentHash": "41CCbJJPsDWU6NsmKfANHkfT/+KCBlZZqQ1eBoQhhW0xqGCiWmUlMdi2BoaM/GcwKHX5WiQL/IESROmgk0Owfw==",
        "dependencies": {
          "Microsoft.Extensions.Diagnostics": "10.0.4",
          "Microsoft.Extensions.Diagnostics.ExceptionSummarization": "10.4.0",
          "Microsoft.Extensions.Options.ConfigurationExtensions": "10.0.4",
          "Microsoft.Extensions.Telemetry.Abstractions": "10.4.0",
          "Polly.Extensions": "8.4.2",
          "Polly.RateLimiting": "8.4.2"
        }
      },
      "Microsoft.Extensions.Telemetry.Abstractions": {
        "type": "Transitive",
        "resolved": "10.4.0",
        "contentHash": "3b2uVa4voJfLLg39BPCKQS0ZgnpEZFkKf7YmnMVlM5FQJYBPOuePIQdnEK1/Oxd+w3GscxGYuE7IMOXDwixZtQ==",
        "dependencies": {
          "Microsoft.Extensions.Compliance.Abstractions": "10.4.0",
          "Microsoft.Extensions.Logging.Abstractions": "10.0.4",
          "Microsoft.Extensions.ObjectPool": "10.0.4",
          "Microsoft.Extensions.Options": "10.0.4"
        }
      },
      "Polly.Core": {
        "type": "Transitive",
        "resolved": "8.4.2",
        "contentHash": "BpE2I6HBYYA5tF0Vn4eoQOGYTYIK1BlF5EXVgkWGn3mqUUjbXAr13J6fZVbp7Q3epRR8yshacBMlsHMhpOiV3g=="
      },
      "Polly.Extensions": {
        "type": "Transitive",
        "resolved": "8.4.2",
        "contentHash": "GZ9vRVmR0jV2JtZavt+pGUsQ1O1cuRKG7R7VOZI6ZDy9y6RNPvRvXK1tuS4ffUrv8L0FTea59oEuQzgS0R7zSA==",
        "dependencies": {
          "Microsoft.Extensions.Logging.Abstractions": "8.0.0",
          "Microsoft.Extensions.Options": "8.0.0",
          "Polly.Core": "8.4.2"
        }
      },
      "Polly.RateLimiting": {
        "type": "Transitive",
        "resolved": "8.4.2",
        "contentHash": "ehTImQ/eUyO07VYW2WvwSmU9rRH200SKJ/3jku9rOkyWE0A2JxNFmAVms8dSn49QLSjmjFRRSgfNyOgr/2PSmA==",
        "dependencies": {
          "Polly.Core": "8.4.2",
          "System.Threading.RateLimiting": "8.0.0"
        }
      },
      "System.Threading.RateLimiting": {
        "type": "Transitive",
        "resolved": "8.0.0",
        "contentHash": "7mu9v0QDv66ar3DpGSZHg9NuNcxDaaAcnMULuZlaTpP9+hwXhrxNGsF5GmLkSHxFdb5bBc1TzeujsRgTrPWi+Q=="
      },
      "eriklieben.fa.es": {
        "type": "Project",
        "dependencies": {
          "Microsoft.Extensions.DependencyInjection.Abstractions": "[10.0.5, )",
          "Microsoft.Extensions.Options": "[10.0.5, )",
          "Microsoft.Extensions.Resilience": "[10.4.0, )"
        }
      }
    },
    "net9.0": {
      "Microsoft.CodeAnalysis.PublicApiAnalyzers": {
        "type": "Direct",
        "requested": "[4.14.0, )",
        "resolved": "4.14.0",
        "contentHash": "5zBDSa8D1pfn5VyDzRekcYdVx/DGAzwegblVJhzdN0kvPt97TPr12haA6ZG0wS2WgBb1W42GeZJRiRtlNaoY1w=="
      },
      "Microsoft.NET.ILLink.Tasks": {
        "type": "Direct",
        "requested": "[9.0.15, )",
        "resolved": "9.0.15",
        "contentHash": "EejcbfCMR77Dthy77qxRbEShmzLApHZUPqXMBVQK+A0pNrRThkaHoGGMGvbq/gTkC/waKcDEgjBkbaejB58Wtw=="
      },
      "Microsoft.Extensions.Compliance.Abstractions": {
        "type": "Transitive",
        "resolved": "10.4.0",
        "contentHash": "4WkknDbVrHNf+S6fwSt1OAXlGJ/G/QrtJlqx4aNzOLmeT3GRyxpGLZn+Q3UV+RMRAF6FfsijEZBg2ZAW8bTAkg==",
        "dependencies": {
          "Microsoft.Extensions.DependencyInjection.Abstractions": "9.0.14",
          "Microsoft.Extensions.ObjectPool": "9.0.14"
        }
      },
      "Microsoft.Extensions.Configuration": {
        "type": "Transitive",
        "resolved": "9.0.14",
        "contentHash": "wel8GgcNuuCIjZxp1E6CdEMdMA/l01ZAqra1R26DBnp45O/03ZvCcNrGjgKSQLxRF+1kb8gtDL5uZt/1a0AbbQ==",
        "dependencies": {
          "Microsoft.Extensions.Configuration.Abstractions": "9.0.14",
          "Microsoft.Extensions.Primitives": "9.0.14"
        }
      },
      "Microsoft.Extensions.Configuration.Abstractions": {
        "type": "Transitive",
        "resolved": "9.0.14",
        "contentHash": "hoAjCCsJ/fANjaP6hUPru11b/y2evaDJ1m7uRBQU57Mrq0k1NkZLA3qP0zN+EOj2mvM9DXGlNwnLf3H1tRF05w==",
        "dependencies": {
          "Microsoft.Extensions.Primitives": "9.0.14"
        }
      },
      "Microsoft.Extensions.Configuration.Binder": {
        "type": "Transitive",
        "resolved": "9.0.14",
        "contentHash": "gGt4ujrlCbwewl2vzu7kO2CX0tCTTYbTg4Cg7s0HXkMTdmL/Fv6jnIFAWaAjJeLWQDaRqnmbaF2Cth+tSubeqw==",
        "dependencies": {
          "Microsoft.Extensions.Configuration.Abstractions": "9.0.14"
        }
      },
      "Microsoft.Extensions.DependencyInjection.Abstractions": {
        "type": "Transitive",
        "resolved": "10.0.5",
        "contentHash": "iVMtq9eRvzyhx8949EGT0OCYJfXi737SbRVzWXE5GrOgGj5AaZ9eUuxA/BSUfmOMALKn/g8KfFaNQw0eiB3lyA=="
      },
      "Microsoft.Extensions.Diagnostics": {
        "type": "Transitive",
        "resolved": "9.0.14",
        "contentHash": "oNIPXGcgrrN6wlIjaaiN3jK4Pb+8eUi7xLyb3yueaZQXovci2g3/UdIYSdwqaTGHvIJEXpuceNW05UNvyVG0bA==",
        "dependencies": {
          "Microsoft.Extensions.Configuration": "9.0.14",
          "Microsoft.Extensions.Diagnostics.Abstractions": "9.0.14",
          "Microsoft.Extensions.Options.ConfigurationExtensions": "9.0.14"
        }
      },
      "Microsoft.Extensions.Diagnostics.Abstractions": {
        "type": "Transitive",
        "resolved": "9.0.14",
        "contentHash": "w6Zc/2QvDXMoewCcAkIAg/n1nsoe4o7kdbw7zf6qDsRuGPpM8oniMcqKJWvs7OMB7v9gUT5tNzK4rn4wyIybSA==",
        "dependencies": {
          "Microsoft.Extensions.DependencyInjection.Abstractions": "9.0.14",
          "Microsoft.Extensions.Options": "9.0.14"
        }
      },
      "Microsoft.Extensions.Diagnostics.ExceptionSummarization": {
        "type": "Transitive",
        "resolved": "10.4.0",
        "contentHash": "1/hQmONMWxRTKXuN0pQShQN9QsqIRTS1G4fdmKW0O9phuVZjyzIROQD9Fbfwyn2t+yvP8SzjatGAPX4jDRfgHg==",
        "dependencies": {
          "Microsoft.Extensions.DependencyInjection.Abstractions": "9.0.14"
        }
      },
      "Microsoft.Extensions.Logging.Abstractions": {
        "type": "Transitive",
        "resolved": "9.0.14",
        "contentHash": "uodlxeHHtvEgrAXzHa5T+ESnQhxCk/QSONpiabWjZ8Hn+PcMkXtmbX8YkL1XcFGHqj7hZXUAe2pq7gBptPTz2Q==",
        "dependencies": {
          "Microsoft.Extensions.DependencyInjection.Abstractions": "9.0.14"
        }
      },
      "Microsoft.Extensions.ObjectPool": {
        "type": "Transitive",
        "resolved": "9.0.14",
        "contentHash": "/NhaXiCP+trynVbn0SUaH6LS18FoW2fa9w/nD1PjDPEP4FGFLU71BMUQAcMGuthvRlb9R61OO6weM+QLXTcQtA=="
      },
      "Microsoft.Extensions.Options": {
        "type": "Transitive",
        "resolved": "10.0.5",
        "contentHash": "MDaQMdUplw0AIRhWWmbLA7yQEXaLIHb+9CTroTiNS8OlI0LMXS4LCxtopqauiqGCWlRgJ+xyraVD8t6veRAFbw==",
        "dependencies": {
          "Microsoft.Extensions.DependencyInjection.Abstractions": "10.0.5",
          "Microsoft.Extensions.Primitives": "10.0.5"
        }
      },
      "Microsoft.Extensions.Options.ConfigurationExtensions": {
        "type": "Transitive",
        "resolved": "9.0.14",
        "contentHash": "JEru5Xno8+JzjqCeSzfCtmWqMv4Js1sw4yzflbGMoWe/3VmZlhWRIlbJDbbi78r222BmteOL0b0c/Wct6Jp1AA==",
        "dependencies": {
          "Microsoft.Extensions.Configuration.Abstractions": "9.0.14",
          "Microsoft.Extensions.Configuration.Binder": "9.0.14",
          "Microsoft.Extensions.DependencyInjection.Abstractions": "9.0.14",
          "Microsoft.Extensions.Options": "9.0.14",
          "Microsoft.Extensions.Primitives": "9.0.14"
        }
      },
      "Microsoft.Extensions.Primitives": {
        "type": "Transitive",
        "resolved": "10.0.5",
        "contentHash": "/HUHJ0tw/LQvD0DZrz50eQy/3z7PfX7WWEaXnjKTV9/TNdcgFlNTZGo49QhS7PTmhDqMyHRMqAXSBxLh0vso4g=="
      },
      "Microsoft.Extensions.Resilience": {
        "type": "Transitive",
        "resolved": "10.4.0",
        "contentHash": "41CCbJJPsDWU6NsmKfANHkfT/+KCBlZZqQ1eBoQhhW0xqGCiWmUlMdi2BoaM/GcwKHX5WiQL/IESROmgk0Owfw==",
        "dependencies": {
          "Microsoft.Extensions.Diagnostics": "9.0.14",
          "Microsoft.Extensions.Diagnostics.ExceptionSummarization": "10.4.0",
          "Microsoft.Extensions.Options.ConfigurationExtensions": "9.0.14",
          "Microsoft.Extensions.Telemetry.Abstractions": "10.4.0",
          "Polly.Extensions": "8.4.2",
          "Polly.RateLimiting": "8.4.2"
        }
      },
      "Microsoft.Extensions.Telemetry.Abstractions": {
        "type": "Transitive",
        "resolved": "10.4.0",
        "contentHash": "3b2uVa4voJfLLg39BPCKQS0ZgnpEZFkKf7YmnMVlM5FQJYBPOuePIQdnEK1/Oxd+w3GscxGYuE7IMOXDwixZtQ==",
        "dependencies": {
          "Microsoft.Extensions.Compliance.Abstractions": "10.4.0",
          "Microsoft.Extensions.Logging.Abstractions": "9.0.14",
          "Microsoft.Extensions.ObjectPool": "9.0.14",
          "Microsoft.Extensions.Options": "9.0.14"
        }
      },
      "Polly.Core": {
        "type": "Transitive",
        "resolved": "8.4.2",
        "contentHash": "BpE2I6HBYYA5tF0Vn4eoQOGYTYIK1BlF5EXVgkWGn3mqUUjbXAr13J6fZVbp7Q3epRR8yshacBMlsHMhpOiV3g=="
      },
      "Polly.Extensions": {
        "type": "Transitive",
        "resolved": "8.4.2",
        "contentHash": "GZ9vRVmR0jV2JtZavt+pGUsQ1O1cuRKG7R7VOZI6ZDy9y6RNPvRvXK1tuS4ffUrv8L0FTea59oEuQzgS0R7zSA==",
        "dependencies": {
          "Microsoft.Extensions.Logging.Abstractions": "8.0.0",
          "Microsoft.Extensions.Options": "8.0.0",
          "Polly.Core": "8.4.2"
        }
      },
      "Polly.RateLimiting": {
        "type": "Transitive",
        "resolved": "8.4.2",
        "contentHash": "ehTImQ/eUyO07VYW2WvwSmU9rRH200SKJ/3jku9rOkyWE0A2JxNFmAVms8dSn49QLSjmjFRRSgfNyOgr/2PSmA==",
        "dependencies": {
          "Polly.Core": "8.4.2",
          "System.Threading.RateLimiting": "8.0.0"
        }
      },
      "System.Threading.RateLimiting": {
        "type": "Transitive",
        "resolved": "8.0.0",
        "contentHash": "7mu9v0QDv66ar3DpGSZHg9NuNcxDaaAcnMULuZlaTpP9+hwXhrxNGsF5GmLkSHxFdb5bBc1TzeujsRgTrPWi+Q=="
      },
      "eriklieben.fa.es": {
        "type": "Project",
        "dependencies": {
          "Microsoft.Extensions.DependencyInjection.Abstractions": "[10.0.5, )",
          "Microsoft.Extensions.Options": "[10.0.5, )",
          "Microsoft.Extensions.Resilience": "[10.4.0, )"
        }
      }
    }
  }
}