
Microsoft Visual Studio Solution File, Format Version 12.00
# Visual Studio Version 17
VisualStudioVersion = 17.0.31903.59
MinimumVisualStudioVersion = 10.0.40219.1
Project("{2150E333-8FDC-42A3-9474-1A3956D46DE8}") = "src", "src", "{827E0CD3-B72D-47B6-A68D-7590B98EB39B}"
EndProject
Project("{FAE04EC0-301F-11D3-BF4B-00C04F79EFBC}") = "TaskFlow.Domain", "src\TaskFlow.Domain\TaskFlow.Domain.csproj", "{1F1FBA61-D01E-47C9-8217-4B53CBB296D9}"
EndProject
Project("{FAE04EC0-301F-11D3-BF4B-00C04F79EFBC}") = "TaskFlow.Api", "src\TaskFlow.Api\TaskFlow.Api.csproj", "{5BA9BD5B-5638-46C8-8443-3BDA74646B72}"
EndProject
Project("{FAE04EC0-301F-11D3-BF4B-00C04F79EFBC}") = "TaskFlow.AppHost", "src\TaskFlow.AppHost\TaskFlow.AppHost.csproj", "{09F78045-DEFE-425D-9C4A-2FE490B68739}"
EndProject
Project("{FAE04EC0-301F-11D3-BF4B-00C04F79EFBC}") = "TaskFlow.ServiceDefaults", "src\TaskFlow.ServiceDefaults\TaskFlow.ServiceDefaults.csproj", "{CB288CF6-6DEF-4242-B497-B50519A72AC9}"
EndProject
Project("{2150E333-8FDC-42A3-9474-1A3956D46DE8}") = "tests", "tests", "{0AB3BF05-4346-4AA6-1389-037BE0695223}"
EndProject
Project("{FAE04EC0-301F-11D3-BF4B-00C04F79EFBC}") = "TaskFlow.Domain.Tests", "tests\TaskFlow.Domain.Tests\TaskFlow.Domain.Tests.csproj", "{86F8848F-917D-48D3-BFFB-2F6173926FF3}"
EndProject
Project("{FAE04EC0-301F-11D3-BF4B-00C04F79EFBC}") = "TaskFlow.Api.Tests", "tests\TaskFlow.Api.Tests\TaskFlow.Api.Tests.csproj", "{2253B43A-39EE-4135-89A9-D86485C2B908}"
EndProject
Project("{FAE04EC0-301F-11D3-BF4B-00C04F79EFBC}") = "TaskFlow.Functions", "src\TaskFlow.Functions\TaskFlow.Functions.csproj", "{16E71CF1-3925-4D0C-B27E-1651B2770B79}"
EndProject
Project("{FAE04EC0-301F-11D3-BF4B-00C04F79EFBC}") = "ErikLieben.FA.ES.Azure.Functions.Worker.Extensions", "..\src\ErikLieben.FA.ES.Azure.Functions.Worker.Extensions\ErikLieben.FA.ES.Azure.Functions.Worker.Extensions.csproj", "{8D511B18-6F70-4F21-BAF2-E05945904B50}"
EndProject
Project("{FAE04EC0-301F-11D3-BF4B-00C04F79EFBC}") = "ErikLieben.FA.ES", "..\src\ErikLieben.FA.ES\ErikLieben.FA.ES.csproj", "{655D9A95-6C73-4754-B4A5-758BDE8D1865}"
EndProject
Project("{FAE04EC0-301F-11D3-BF4B-00C04F79EFBC}") = "ErikLieben.FA.ES.Analyzers", "..\src\ErikLieben.FA.ES.Analyzers\ErikLieben.FA.ES.Analyzers.csproj", "{62415CF1-A426-4B57-A376-D1760793CA7A}"
EndProject
Project("{FAE04EC0-301F-11D3-BF4B-00C04F79EFBC}") = "ErikLieben.FA.ES.CodeAnalysis", "..\src\ErikLieben.FA.ES.CodeAnalysis\ErikLieben.FA.ES.CodeAnalysis.csproj", "{46AFFB84-494F-4812-9672-C700FAB7185E}"
EndProject
Project("{FAE04EC0-301F-11D3-BF4B-00C04F79EFBC}") = "ErikLieben.FA.ES.AzureStorage", "..\src\ErikLieben.FA.ES.AzureStorage\ErikLieben.FA.ES.AzureStorage.csproj", "{C1C8CE71-B555-4C36-BCB2-BCD4C1C4827F}"
EndProject
Project("{FAE04EC0-301F-11D3-BF4B-00C04F79EFBC}") = "ErikLieben.FA.ES.CosmosDb", "..\src\ErikLieben.FA.ES.CosmosDb\ErikLieben.FA.ES.CosmosDb.csproj", "{C3BA6C13-1C45-419C-B57F-CDFE26BF91EC}"
EndProject
Project("{FAE04EC0-301F-11D3-BF4B-00C04F79EFBC}") = "ErikLieben.FA.ES.EventStreamManagement", "..\src\ErikLieben.FA.ES.EventStreamManagement\ErikLieben.FA.ES.EventStreamManagement.csproj", "{0D5B9666-E79A-4E83-8207-41377C559C74}"
EndProject
Project("{FAE04EC0-301F-11D3-BF4B-00C04F79EFBC}") = "ErikLieben.FA.ES.S3", "..\src\ErikLieben.FA.ES.S3\ErikLieben.FA.ES.S3.csproj", "{E4DFC36D-2D6B-4C4F-93A4-61B1F93C449E}"
EndProject
Global
	GlobalSection(SolutionConfigurationPlatforms) = preSolution
		Debug|Any CPU = Debug|Any CPU
		Debug|x64 = Debug|x64
		Debug|x86 = Debug|x86
		Release|Any CPU = Release|Any CPU
		Release|x64 = Release|x64
		Release|x86 = Release|x86
	EndGlobalSection
	GlobalSection(ProjectConfigurationPlatforms) = postSolution
		{1F1FBA61-D01E-47C9-8217-4B53CBB296D9}.Debug|Any CPU.ActiveCfg = Debug|Any CPU
		{1F1FBA61-D01E-47C9-8217-4B53CBB296D9}.Debug|Any CPU.Build.0 = Debug|Any CPU
		{1F1FBA61-D01E-47C9-8217-4B53CBB296D9}.Debug|x64.ActiveCfg = Debug|Any CPU
		{1F1FBA61-D01E-47C9-8217-4B53CBB296D9}.Debug|x64.Build.0 = Debug|Any CPU
		{1F1FBA61-D01E-47C9-8217-4B53CBB296D9}.Debug|x86.ActiveCfg = Debug|Any CPU
		{1F1FBA61-D01E-47C9-8217-4B53CBB296D9}.Debug|x86.Build.0 = Debug|Any CPU
		{1F1FBA61-D01E-47C9-8217-4B53CBB296D9}.Release|Any CPU.ActiveCfg = Release|Any CPU
		{1F1FBA61-D01E-47C9-8217-4B53CBB296D9}.Release|Any CPU.Build.0 = Release|Any CPU
		{1F1FBA61-D01E-47C9-8217-4B53CBB296D9}.Release|x64.ActiveCfg = Release|Any CPU
		{1F1FBA61-D01E-47C9-8217-4B53CBB296D9}.Release|x64.Build.0 = Release|Any CPU
		{1F1FBA61-D01E-47C9-8217-4B53CBB296D9}.Release|x86.ActiveCfg = Release|Any CPU
		{1F1FBA61-D01E-47C9-8217-4B53CBB296D9}.Release|x86.Build.0 = Release|Any CPU
		{5BA9BD5B-5638-46C8-8443-3BDA74646B72}.Debug|Any CPU.ActiveCfg = Debug|Any CPU
		{5BA9BD5B-5638-46C8-8443-3BDA74646B72}.Debug|Any CPU.Build.0 = Debug|Any CPU
		{5BA9BD5B-5638-46C8-8443-3BDA74646B72}.Debug|x64.ActiveCfg = Debug|Any CPU
		{5BA9BD5B-5638-46C8-8443-3BDA74646B72}.Debug|x64.Build.0 = Debug|Any CPU
		{5BA9BD5B-5638-46C8-8443-3BDA74646B72}.Debug|x86.ActiveCfg = Debug|Any CPU
		{5BA9BD5B-5638-46C8-8443-3BDA74646B72}.Debug|x86.Build.0 = Debug|Any CPU
		{5BA9BD5B-5638-46C8-8443-3BDA74646B72}.Release|Any CPU.ActiveCfg = Release|Any CPU
		{5BA9BD5B-5638-46C8-8443-3BDA74646B72}.Release|Any CPU.Build.0 = Release|Any CPU
		{5BA9BD5B-5638-46C8-8443-3BDA74646B72}.Release|x64.ActiveCfg = Release|Any CPU
		{5BA9BD5B-5638-46C8-8443-3BDA74646B72}.Release|x64.Build.0 = Release|Any CPU
		{5BA9BD5B-5638-46C8-8443-3BDA74646B72}.Release|x86.ActiveCfg = Release|Any CPU
		{5BA9BD5B-5638-46C8-8443-3BDA74646B72}.Release|x86.Build.0 = Release|Any CPU
		{09F78045-DEFE-425D-9C4A-2FE490B68739}.Debug|Any CPU.ActiveCfg = Debug|Any CPU
		{09F78045-DEFE-425D-9C4A-2FE490B68739}.Debug|Any CPU.Build.0 = Debug|Any CPU
		{09F78045-DEFE-425D-9C4A-2FE490B68739}.Debug|x64.ActiveCfg = Debug|Any CPU
		{09F78045-DEFE-425D-9C4A-2FE490B68739}.Debug|x64.Build.0 = Debug|Any CPU
		{09F78045-DEFE-425D-9C4A-2FE490B68739}.Debug|x86.ActiveCfg = Debug|Any CPU
		{09F78045-DEFE-425D-9C4A-2FE490B68739}.Debug|x86.Build.0 = Debug|Any CPU
		{09F78045-DEFE-425D-9C4A-2FE490B68739}.Release|Any CPU.ActiveCfg = Release|Any CPU
		{09F78045-DEFE-425D-9C4A-2FE490B68739}.Release|Any CPU.Build.0 = Release|Any CPU
		{09F78045-DEFE-425D-9C4A-2FE490B68739}.Release|x64.ActiveCfg = Release|Any CPU
		{09F78045-DEFE-425D-9C4A-2FE490B68739}.Release|x64.Build.0 = Release|Any CPU
		{09F78045-DEFE-425D-9C4A-2FE490B68739}.Release|x86.ActiveCfg = Release|Any CPU
		{09F78045-DEFE-425D-9C4A-2FE490B68739}.Release|x86.Build.0 = Release|Any CPU
		{CB288CF6-6DEF-4242-B497-B50519A72AC9}.Debug|Any CPU.ActiveCfg = Debug|Any CPU
		{CB288CF6-6DEF-4242-B497-B50519A72AC9}.Debug|Any CPU.Build.0 = Debug|Any CPU
		{CB288CF6-6DEF-4242-B497-B50519A72AC9}.Debug|x64.ActiveCfg = Debug|Any CPU
		{CB288CF6-6DEF-4242-B497-B50519A72AC9}.Debug|x64.Build.0 = Debug|Any CPU
		{CB288CF6-6DEF-4242-B497-B50519A72AC9}.Debug|x86.ActiveCfg = Debug|Any CPU
		{CB288CF6-6DEF-4242-B497-B50519A72AC9}.Debug|x86.Build.0 = Debug|Any CPU
		{CB288CF6-6DEF-4242-B497-B50519A72AC9}.Release|Any CPU.ActiveCfg = Release|Any CPU
		{CB288CF6-6DEF-4242-B497-B50519A72AC9}.Release|Any CPU.Build.0 = Release|Any CPU
		{CB288CF6-6DEF-4242-B497-B50519A72AC9}.Release|x64.ActiveCfg = Release|Any CPU
		{CB288CF6-6DEF-4242-B497-B50519A72AC9}.Release|x64.Build.0 = Release|Any CPU
		{CB288CF6-6DEF-4242-B497-B50519A72AC9}.Release|x86.ActiveCfg = Release|Any CPU
		{CB288CF6-6DEF-4242-B497-B50519A72AC9}.Release|x86.Build.0 = Release|Any CPU
		{86F8848F-917D-48D3-BFFB-2F6173926FF3}.Debug|Any CPU.ActiveCfg = Debug|Any CPU
		{86F8848F-917D-48D3-BFFB-2F6173926FF3}.Debug|Any CPU.Build.0 = Debug|Any CPU
		{86F8848F-917D-48D3-BFFB-2F6173926FF3}.Debug|x64.ActiveCfg = Debug|Any CPU
		{86F8848F-917D-48D3-BFFB-2F6173926FF3}.Debug|x64.Build.0 = Debug|Any CPU
		{86F8848F-917D-48D3-BFFB-2F6173926FF3}.Debug|x86.ActiveCfg = Debug|Any CPU
		{86F8848F-917D-48D3-BFFB-2F6173926FF3}.Debug|x86.Build.0 = Debug|Any CPU
		{86F8848F-917D-48D3-BFFB-2F6173926FF3}.Release|Any CPU.ActiveCfg = Release|Any CPU
		{86F8848F-917D-48D3-BFFB-2F6173926FF3}.Release|Any CPU.Build.0 = Release|Any CPU
		{86F8848F-917D-48D3-BFFB-2F6173926FF3}.Release|x64.ActiveCfg = Release|Any CPU
		{86F8848F-917D-48D3-BFFB-2F6173926FF3}.Release|x64.Build.0 = Release|Any CPU
		{86F8848F-917D-48D3-BFFB-2F6173926FF3}.Release|x86.ActiveCfg = Release|Any CPU
		{86F8848F-917D-48D3-BFFB-2F6173926FF3}.Release|x86.Build.0 = Release|Any CPU
		{2253B43A-39EE-4135-89A9-D86485C2B908}.Debug|Any CPU.ActiveCfg = Debug|Any CPU
		{2253B43A-39EE-4135-89A9-D86485C2B908}.Debug|Any CPU.Build.0 = Debug|Any CPU
		{2253B43A-39EE-4135-89A9-D86485C2B908}.Debug|x64.ActiveCfg = Debug|Any CPU
		{2253B43A-39EE-4135-89A9-D86485C2B908}.Debug|x64.Build.0 = Debug|Any CPU
		{2253B43A-39EE-4135-89A9-D86485C2B908}.Debug|x86.ActiveCfg = Debug|Any CPU
		{2253B43A-39EE-4135-89A9-D86485C2B908}.Debug|x86.Build.0 = Debug|Any CPU
		{2253B43A-39EE-4135-89A9-D86485C2B908}.Release|Any CPU.ActiveCfg = Release|Any CPU
		{2253B43A-39EE-4135-89A9-D86485C2B908}.Release|Any CPU.Build.0 = Release|Any CPU
		{2253B43A-39EE-4135-89A9-D86485C2B908}.Release|x64.ActiveCfg = Release|Any CPU
		{2253B43A-39EE-4135-89A9-D86485C2B908}.Release|x64.Build.0 = Release|Any CPU
		{2253B43A-39EE-4135-89A9-D86485C2B908}.Release|x86.ActiveCfg = Release|Any CPU
		{2253B43A-39EE-4135-89A9-D86485C2B908}.Release|x86.Build.0 = Release|Any CPU
		{16E71CF1-3925-4D0C-B27E-1651B2770B79}.Debug|Any CPU.ActiveCfg = Debug|Any CPU
		{16E71CF1-3925-4D0C-B27E-1651B2770B79}.Debug|Any CPU.Build.0 = Debug|Any CPU
		{16E71CF1-3925-4D0C-B27E-1651B2770B79}.Debug|x64.ActiveCfg = Debug|Any CPU
		{16E71CF1-3925-4D0C-B27E-1651B2770B79}.Debug|x64.Build.0 = Debug|Any CPU
		{16E71CF1-3925-4D0C-B27E-1651B2770B79}.Debug|x86.ActiveCfg = Debug|Any CPU
		{16E71CF1-3925-4D0C-B27E-1651B2770B79}.Debug|x86.Build.0 = Debug|Any CPU
		{16E71CF1-3925-4D0C-B27E-1651B2770B79}.Release|Any CPU.ActiveCfg = Release|Any CPU
		{16E71CF1-3925-4D0C-B27E-1651B2770B79}.Release|Any CPU.Build.0 = Release|Any CPU
		{16E71CF1-3925-4D0C-B27E-1651B2770B79}.Release|x64.ActiveCfg = Release|Any CPU
		{16E71CF1-3925-4D0C-B27E-1651B2770B79}.Release|x64.Build.0 = Release|Any CPU
		{16E71CF1-3925-4D0C-B27E-1651B2770B79}.Release|x86.ActiveCfg = Release|Any CPU
		{16E71CF1-3925-4D0C-B27E-1651B2770B79}.Release|x86.Build.0 = Release|Any CPU
		{8D511B18-6F70-4F21-BAF2-E05945904B50}.Debug|Any CPU.ActiveCfg = Debug|Any CPU
		{8D511B18-6F70-4F21-BAF2-E05945904B50}.Debug|Any CPU.Build.0 = Debug|Any CPU
		{8D511B18-6F70-4F21-BAF2-E05945904B50}.Debug|x64.ActiveCfg = Debug|Any CPU
		{8D511B18-6F70-4F21-BAF2-E05945904B50}.Debug|x64.Build.0 = Debug|Any CPU
		{8D511B18-6F70-4F21-BAF2-E05945904B50}.Debug|x86.ActiveCfg = Debug|Any CPU
		{8D511B18-6F70-4F21-BAF2-E05945904B50}.Debug|x86.Build.0 = Debug|Any CPU
		{8D511B18-6F70-4F21-BAF2-E05945904B50}.Release|Any CPU.ActiveCfg = Release|Any CPU
		{8D511B18-6F70-4F21-BAF2-E05945904B50}.Release|Any CPU.Build.0 = Release|Any CPU
		{8D511B18-6F70-4F21-BAF2-E05945904B50}.Release|x64.ActiveCfg = Release|Any CPU
		{8D511B18-6F70-4F21-BAF2-E05945904B50}.Release|x64.Build.0 = Release|Any CPU
		{8D511B18-6F70-4F21-BAF2-E05945904B50}.Release|x86.ActiveCfg = Release|Any CPU
		{8D511B18-6F70-4F21-BAF2-E05945904B50}.Release|x86.Build.0 = Release|Any CPU
		{655D9A95-6C73-4754-B4A5-758BDE8D1865}.Debug|Any CPU.ActiveCfg = Debug|Any CPU
		{655D9A95-6C73-4754-B4A5-758BDE8D1865}.Debug|Any CPU.Build.0 = Debug|Any CPU
		{655D9A95-6C73-4754-B4A5-758BDE8D1865}.Debug|x64.ActiveCfg = Debug|Any CPU
		{655D9A95-6C73-4754-B4A5-758BDE8D1865}.Debug|x64.Build.0 = Debug|Any CPU
		{655D9A95-6C73-4754-B4A5-758BDE8D1865}.Debug|x86.ActiveCfg = Debug|Any CPU
		{655D9A95-6C73-4754-B4A5-758BDE8D1865}.Debug|x86.Build.0 = Debug|Any CPU
		{655D9A95-6C73-4754-B4A5-758BDE8D1865}.Release|Any CPU.ActiveCfg = Release|Any CPU
		{655D9A95-6C73-4754-B4A5-758BDE8D1865}.Release|Any CPU.Build.0 = Release|Any CPU
		{655D9A95-6C73-4754-B4A5-758BDE8D1865}.Release|x64.ActiveCfg = Release|Any CPU
		{655D9A95-6C73-4754-B4A5-758BDE8D1865}.Release|x64.Build.0 = Release|Any CPU
		{655D9A95-6C73-4754-B4A5-758BDE8D1865}.Release|x86.ActiveCfg = Release|Any CPU
		{655D9A95-6C73-4754-B4A5-758BDE8D1865}.Release|x86.Build.0 = Release|Any CPU
		{62415CF1-A426-4B57-A376-D1760793CA7A}.Debug|Any CPU.ActiveCfg = Debug|Any CPU
		{62415CF1-A426-4B57-A376-D1760793CA7A}.Debug|Any CPU.Build.0 = Debug|Any CPU
		{62415CF1-A426-4B57-A376-D1760793CA7A}.Debug|x64.ActiveCfg = Debug|Any CPU
		{62415CF1-A426-4B57-A376-D1760793CA7A}.Debug|x64.Build.0 = Debug|Any CPU
		{62415CF1-A426-4B57-A376-D1760793CA7A}.Debug|x86.ActiveCfg = Debug|Any CPU
		{62415CF1-A426-4B57-A376-D1760793CA7A}.Debug|x86.Build.0 = Debug|Any CPU
		{62415CF1-A426-4B57-A376-D1760793CA7A}.Release|Any CPU.ActiveCfg = Release|Any CPU
		{62415CF1-A426-4B57-A376-D1760793CA7A}.Release|Any CPU.Build.0 = Release|Any CPU
		{62415CF1-A426-4B57-A376-D1760793CA7A}.Release|x64.ActiveCfg = Release|Any CPU
		{62415CF1-A426-4B57-A376-D1760793CA7A}.Release|x64.Build.0 = Release|Any CPU
		{62415CF1-A426-4B57-A376-D1760793CA7A}.Release|x86.ActiveCfg = Release|Any CPU
		{62415CF1-A426-4B57-A376-D1760793CA7A}.Release|x86.Build.0 = Release|Any CPU
		{46AFFB84-494F-4812-9672-C700FAB7185E}.Debug|Any CPU.ActiveCfg = Debug|Any CPU
		{46AFFB84-494F-4812-9672-C700FAB7185E}.Debug|Any CPU.Build.0 = Debug|Any CPU
		{46AFFB84-494F-4812-9672-C700FAB7185E}.Debug|x64.ActiveCfg = Debug|Any CPU
		{46AFFB84-494F-4812-9672-C700FAB7185E}.Debug|x64.Build.0 = Debug|Any CPU
		{46AFFB84-494F-4812-9672-C700FAB7185E}.Debug|x86.ActiveCfg = Debug|Any CPU
		{46AFFB84-494F-4812-9672-C700FAB7185E}.Debug|x86.Build.0 = Debug|Any CPU
		{46AFFB84-494F-4812-9672-C700FAB7185E}.Release|Any CPU.ActiveCfg = Release|Any CPU
		{46AFFB84-494F-4812-9672-C700FAB7185E}.Release|Any CPU.Build.0 = Release|Any CPU
		{46AFFB84-494F-4812-9672-C700FAB7185E}.Release|x64.ActiveCfg = Release|Any CPU
		{46AFFB84-494F-4812-9672-C700FAB7185E}.Release|x64.Build.0 = Release|Any CPU
		{46AFFB84-494F-4812-9672-C700FAB7185E}.Release|x86.ActiveCfg = Release|Any CPU
		{46AFFB84-494F-4812-9672-C700FAB7185E}.Release|x86.Build.0 = Release|Any CPU
		{C1C8CE71-B555-4C36-BCB2-BCD4C1C4827F}.Debug|Any CPU.ActiveCfg = Debug|Any CPU
		{C1C8CE71-B555-4C36-BCB2-BCD4C1C4827F}.Debug|Any CPU.Build.0 = Debug|Any CPU
		{C1C8CE71-B555-4C36-BCB2-BCD4C1C4827F}.Debug|x64.ActiveCfg = Debug|Any CPU
		{C1C8CE71-B555-4C36-BCB2-BCD4C1C4827F}.Debug|x64.Build.0 = Debug|Any CPU
		{C1C8CE71-B555-4C36-BCB2-BCD4C1C4827F}.Debug|x86.ActiveCfg = Debug|Any CPU
		{C1C8CE71-B555-4C36-BCB2-BCD4C1C4827F}.Debug|x86.Build.0 = Debug|Any CPU
		{C1C8CE71-B555-4C36-BCB2-BCD4C1C4827F}.Release|Any CPU.ActiveCfg = Release|Any CPU
		{C1C8CE71-B555-4C36-BCB2-BCD4C1C4827F}.Release|Any CPU.Build.0 = Release|Any CPU
		{C1C8CE71-B555-4C36-BCB2-BCD4C1C4827F}.Release|x64.ActiveCfg = Release|Any CPU
		{C1C8CE71-B555-4C36-BCB2-BCD4C1C4827F}.Release|x64.Build.0 = Release|Any CPU
		{C1C8CE71-B555-4C36-BCB2-BCD4C1C4827F}.Release|x86.ActiveCfg = Release|Any CPU
		{C1C8CE71-B555-4C36-BCB2-BCD4C1C4827F}.Release|x86.Build.0 = Release|Any CPU
		{C3BA6C13-1C45-419C-B57F-CDFE26BF91EC}.Debug|Any CPU.ActiveCfg = Debug|Any CPU
		{C3BA6C13-1C45-419C-B57F-CDFE26BF91EC}.Debug|Any CPU.Build.0 = Debug|Any CPU
		{C3BA6C13-1C45-419C-B57F-CDFE26BF91EC}.Debug|x64.ActiveCfg = Debug|Any CPU
		{C3BA6C13-1C45-419C-B57F-CDFE26BF91EC}.Debug|x64.Build.0 = Debug|Any CPU
		{C3BA6C13-1C45-419C-B57F-CDFE26BF91EC}.Debug|x86.ActiveCfg = Debug|Any CPU
		{C3BA6C13-1C45-419C-B57F-CDFE26BF91EC}.Debug|x86.Build.0 = Debug|Any CPU
		{C3BA6C13-1C45-419C-B57F-CDFE26BF91EC}.Release|Any CPU.ActiveCfg = Release|Any CPU
		{C3BA6C13-1C45-419C-B57F-CDFE26BF91EC}.Release|Any CPU.Build.0 = Release|Any CPU
		{C3BA6C13-1C45-419C-B57F-CDFE26BF91EC}.Release|x64.ActiveCfg = Release|Any CPU
		{C3BA6C13-1C45-419C-B57F-CDFE26BF91EC}.Release|x64.Build.0 = Release|Any CPU
		{C3BA6C13-1C45-419C-B57F-CDFE26BF91EC}.Release|x86.ActiveCfg = Release|Any CPU
		{C3BA6C13-1C45-419C-B57F-CDFE26BF91EC}.Release|x86.Build.0 = Release|Any CPU
		{0D5B9666-E79A-4E83-8207-41377C559C74}.Debug|Any CPU.ActiveCfg = Debug|Any CPU
		{0D5B9666-E79A-4E83-8207-41377C559C74}.Debug|Any CPU.Build.0 = Debug|Any CPU
		{0D5B9666-E79A-4E83-8207-41377C559C74}.Debug|x64.ActiveCfg = Debug|Any CPU
		{0D5B9666-E79A-4E83-8207-41377C559C74}.Debug|x64.Build.0 = Debug|Any CPU
		{0D5B9666-E79A-4E83-8207-41377C559C74}.Debug|x86.ActiveCfg = Debug|Any CPU
		{0D5B9666-E79A-4E83-8207-41377C559C74}.Debug|x86.Build.0 = Debug|Any CPU
		{0D5B9666-E79A-4E83-8207-41377C559C74}.Release|Any CPU.ActiveCfg = Release|Any CPU
		{0D5B9666-E79A-4E83-8207-41377C559C74}.Release|Any CPU.Build.0 = Release|Any CPU
		{0D5B9666-E79A-4E83-8207-41377C559C74}.Release|x64.ActiveCfg = Release|Any CPU
		{0D5B9666-E79A-4E83-8207-41377C559C74}.Release|x64.Build.0 = Release|Any CPU
		{0D5B9666-E79A-4E83-8207-41377C559C74}.Release|x86.ActiveCfg = Release|Any CPU
		{0D5B9666-E79A-4E83-8207-41377C559C74}.Release|x86.Build.0 = Release|Any CPU
		{E4DFC36D-2D6B-4C4F-93A4-61B1F93C449E}.Debug|Any CPU.ActiveCfg = Debug|Any CPU
		{E4DFC36D-2D6B-4C4F-93A4-61B1F93C449E}.Debug|Any CPU.Build.0 = Debug|Any CPU
		{E4DFC36D-2D6B-4C4F-93A4-61B1F93C449E}.Debug|x64.ActiveCfg = Debug|Any CPU
		{E4DFC36D-2D6B-4C4F-93A4-61B1F93C449E}.Debug|x64.Build.0 = Debug|Any CPU
		{E4DFC36D-2D6B-4C4F-93A4-61B1F93C449E}.Debug|x86.ActiveCfg = Debug|Any CPU
		{E4DFC36D-2D6B-4C4F-93A4-61B1F93C449E}.Debug|x86.Build.0 = Debug|Any CPU
		{E4DFC36D-2D6B-4C4F-93A4-61B1F93C449E}.Release|Any CPU.ActiveCfg = Release|Any CPU
		{E4DFC36D-2D6B-4C4F-93A4-61B1F93C449E}.Release|Any CPU.Build.0 = Release|Any CPU
		{E4DFC36D-2D6B-4C4F-93A4-61B1F93C449E}.Release|x64.ActiveCfg = Release|Any CPU
		{E4DFC36D-2D6B-4C4F-93A4-61B1F93C449E}.Release|x64.Build.0 = Release|Any CPU
		{E4DFC36D-2D6B-4C4F-93A4-61B1F93C449E}.Release|x86.ActiveCfg = Release|Any CPU
		{E4DFC36D-2D6B-4C4F-93A4-61B1F93C449E}.Release|x86.Build.0 = Release|Any CPU
	EndGlobalSection
	GlobalSection(SolutionProperties) = preSolution
		HideSolutionNode = FALSE
	EndGlobalSection
	GlobalSection(NestedProjects) = preSolution
		{1F1FBA61-D01E-47C9-8217-4B53CBB296D9} = {827E0CD3-B72D-47B6-A68D-7590B98EB39B}
		{5BA9BD5B-5638-46C8-8443-3BDA74646B72} = {827E0CD3-B72D-47B6-A68D-7590B98EB39B}
		{09F78045-DEFE-425D-9C4A-2FE490B68739} = {827E0CD3-B72D-47B6-A68D-7590B98EB39B}
		{CB288CF6-6DEF-4242-B497-B50519A72AC9} = {827E0CD3-B72D-47B6-A68D-7590B98EB39B}
		{86F8848F-917D-48D3-BFFB-2F6173926FF3} = {0AB3BF05-4346-4AA6-1389-037BE0695223}
		{2253B43A-39EE-4135-89A9-D86485C2B908} = {0AB3BF05-4346-4AA6-1389-037BE0695223}
		{16E71CF1-3925-4D0C-B27E-1651B2770B79} = {827E0CD3-B72D-47B6-A68D-7590B98EB39B}
		{8D511B18-6F70-4F21-BAF2-E05945904B50} = {827E0CD3-B72D-47B6-A68D-7590B98EB39B}
		{655D9A95-6C73-4754-B4A5-758BDE8D1865} = {827E0CD3-B72D-47B6-A68D-7590B98EB39B}
		{62415CF1-A426-4B57-A376-D1760793CA7A} = {827E0CD3-B72D-47B6-A68D-7590B98EB39B}
		{46AFFB84-494F-4812-9672-C700FAB7185E} = {827E0CD3-B72D-47B6-A68D-7590B98EB39B}
		{C1C8CE71-B555-4C36-BCB2-BCD4C1C4827F} = {827E0CD3-B72D-47B6-A68D-7590B98EB39B}
		{0D5B9666-E79A-4E83-8207-41377C559C74} = {827E0CD3-B72D-47B6-A68D-7590B98EB39B}
		{E4DFC36D-2D6B-4C4F-93A4-61B1F93C449E} = {827E0CD3-B72D-47B6-A68D-7590B98EB39B}
	EndGlobalSection
EndGlobal
